// !$*UTF8*$!
{
	archiveVersion = 1;
	classes = {
	};
	objectVersion = 56;
	objects = {

/* Begin PBXBuildFile section */
		126064A22C42585A004E2B26 /* AppDelegate.swift in Sources */ = {isa = PBXBuildFile; fileRef = 126064A12C42585A004E2B26 /* AppDelegate.swift */; };
		126064A42C42585A004E2B26 /* SceneDelegate.swift in Sources */ = {isa = PBXBuildFile; fileRef = 126064A32C42585A004E2B26 /* SceneDelegate.swift */; };
		126064A62C42585A004E2B26 /* RMTabViewController.swift in Sources */ = {isa = PBXBuildFile; fileRef = 126064A52C42585A004E2B26 /* RMTabViewController.swift */; };
		126064AB2C42585C004E2B26 /* Assets.xcassets in Resources */ = {isa = PBXBuildFile; fileRef = 126064AA2C42585C004E2B26 /* Assets.xcassets */; };
		126064AE2C42585C004E2B26 /* Base in Resources */ = {isa = PBXBuildFile; fileRef = 126064AD2C42585C004E2B26 /* Base */; };
		126064B92C425860004E2B26 /* RickAndMortyTests.swift in Sources */ = {isa = PBXBuildFile; fileRef = 126064B82C425860004E2B26 /* RickAndMortyTests.swift */; };
		126064C32C425860004E2B26 /* RickAndMortyUITests.swift in Sources */ = {isa = PBXBuildFile; fileRef = 126064C22C425860004E2B26 /* RickAndMortyUITests.swift */; };
		126064C52C425860004E2B26 /* RickAndMortyUITestsLaunchTests.swift in Sources */ = {isa = PBXBuildFile; fileRef = 126064C42C425860004E2B26 /* RickAndMortyUITestsLaunchTests.swift */; };
		126064DA2C425BCE004E2B26 /* RMEpisode.swift in Sources */ = {isa = PBXBuildFile; fileRef = 126064D92C425BCE004E2B26 /* RMEpisode.swift */; };
		126064DC2C425BD7004E2B26 /* RMCharacter.swift in Sources */ = {isa = PBXBuildFile; fileRef = 126064DB2C425BD7004E2B26 /* RMCharacter.swift */; };
		126064DE2C425BDE004E2B26 /* RMLocation.swift in Sources */ = {isa = PBXBuildFile; fileRef = 126064DD2C425BDE004E2B26 /* RMLocation.swift */; };
		126064E22C425CC7004E2B26 /* RMCharacterViewController.swift in Sources */ = {isa = PBXBuildFile; fileRef = 126064E12C425CC6004E2B26 /* RMCharacterViewController.swift */; };
		126064E42C425CD2004E2B26 /* RMEpisodeViewController.swift in Sources */ = {isa = PBXBuildFile; fileRef = 126064E32C425CD2004E2B26 /* RMEpisodeViewController.swift */; };
		126064E62C425CDD004E2B26 /* RMLocationViewController.swift in Sources */ = {isa = PBXBuildFile; fileRef = 126064E52C425CDD004E2B26 /* RMLocationViewController.swift */; };
		126064E82C425CE8004E2B26 /* RMSettingsViewController.swift in Sources */ = {isa = PBXBuildFile; fileRef = 126064E72C425CE8004E2B26 /* RMSettingsViewController.swift */; };
		126064EA2C42A7F1004E2B26 /* RMService.swift in Sources */ = {isa = PBXBuildFile; fileRef = 126064E92C42A7F1004E2B26 /* RMService.swift */; };
		126064EC2C42A801004E2B26 /* RMRequest.swift in Sources */ = {isa = PBXBuildFile; fileRef = 126064EB2C42A801004E2B26 /* RMRequest.swift */; };
		126064EE2C42A8B5004E2B26 /* RMEndPoint.swift in Sources */ = {isa = PBXBuildFile; fileRef = 126064ED2C42A8B5004E2B26 /* RMEndPoint.swift */; };
		126064F02C42B718004E2B26 /* RMOrigin.swift in Sources */ = {isa = PBXBuildFile; fileRef = 126064EF2C42B718004E2B26 /* RMOrigin.swift */; };
		126064F22C42B763004E2B26 /* RMSingleLocation.swift in Sources */ = {isa = PBXBuildFile; fileRef = 126064F12C42B763004E2B26 /* RMSingleLocation.swift */; };
		126064F42C42B7BC004E2B26 /* RMCharacterStatus.swift in Sources */ = {isa = PBXBuildFile; fileRef = 126064F32C42B7BC004E2B26 /* RMCharacterStatus.swift */; };
		126064F62C42B868004E2B26 /* RMCharacterGender.swift in Sources */ = {isa = PBXBuildFile; fileRef = 126064F52C42B868004E2B26 /* RMCharacterGender.swift */; };
		126064FA2C43E5AC004E2B26 /* RMServiceError.swift in Sources */ = {isa = PBXBuildFile; fileRef = 126064F92C43E5AC004E2B26 /* RMServiceError.swift */; };
		126064FD2C43E9C8004E2B26 /* RMGetAllCharactersResponseModal.swift in Sources */ = {isa = PBXBuildFile; fileRef = 126064FC2C43E9C8004E2B26 /* RMGetAllCharactersResponseModal.swift */; };
		126065002C44195F004E2B26 /* RMCharacterListViewViewModal.swift in Sources */ = {isa = PBXBuildFile; fileRef = 126064FF2C44195F004E2B26 /* RMCharacterListViewViewModal.swift */; };
		126065032C4419CA004E2B26 /* RMCharacterListView.swift in Sources */ = {isa = PBXBuildFile; fileRef = 126065022C4419CA004E2B26 /* RMCharacterListView.swift */; };
		126065052C4421EE004E2B26 /* UIView+Ext.swift in Sources */ = {isa = PBXBuildFile; fileRef = 126065042C4421EE004E2B26 /* UIView+Ext.swift */; };
		126065072C443C0F004E2B26 /* RMCharacterCollectionViewCell.swift in Sources */ = {isa = PBXBuildFile; fileRef = 126065062C443C0F004E2B26 /* RMCharacterCollectionViewCell.swift */; };
		126065092C443EF9004E2B26 /* RMCharacterCollectionViewCellViewModel.swift in Sources */ = {isa = PBXBuildFile; fileRef = 126065082C443EF9004E2B26 /* RMCharacterCollectionViewCellViewModel.swift */; };
		1260650E2C4518D7004E2B26 /* RMCharacterDetailViewController.swift in Sources */ = {isa = PBXBuildFile; fileRef = 1260650D2C4518D7004E2B26 /* RMCharacterDetailViewController.swift */; };
		126065112C45196E004E2B26 /* RMCharacterDetailView.swift in Sources */ = {isa = PBXBuildFile; fileRef = 126065102C45196E004E2B26 /* RMCharacterDetailView.swift */; };
		126065152C451A33004E2B26 /* RMCharacterDetailViewViewModel.swift in Sources */ = {isa = PBXBuildFile; fileRef = 126065142C451A33004E2B26 /* RMCharacterDetailViewViewModel.swift */; };
		12A09DAA2C48DFA7002E3BCF /* RMFooterLoadingCollectionReusableView.swift in Sources */ = {isa = PBXBuildFile; fileRef = 12A09DA92C48DFA7002E3BCF /* RMFooterLoadingCollectionReusableView.swift */; };
		12A09DAC2C4A8C5C002E3BCF /* RMImageManager.swift in Sources */ = {isa = PBXBuildFile; fileRef = 12A09DAB2C4A8C5C002E3BCF /* RMImageManager.swift */; };
		12A09DAF2C4A8D83002E3BCF /* RMToastAdaptable.swift in Sources */ = {isa = PBXBuildFile; fileRef = 12A09DAE2C4A8D83002E3BCF /* RMToastAdaptable.swift */; };
		12A09DB12C4A9376002E3BCF /* RMSuccessToast.swift in Sources */ = {isa = PBXBuildFile; fileRef = 12A09DB02C4A9376002E3BCF /* RMSuccessToast.swift */; };
		12A09DB32C4A938C002E3BCF /* RMErrorToast.swift in Sources */ = {isa = PBXBuildFile; fileRef = 12A09DB22C4A938C002E3BCF /* RMErrorToast.swift */; };
		12A09DB52C4A93D3002E3BCF /* UIColor+Ext.swift in Sources */ = {isa = PBXBuildFile; fileRef = 12A09DB42C4A93D3002E3BCF /* UIColor+Ext.swift */; };
		12A09DBE2C4BF85A002E3BCF /* RMCharacterPhotoCollectionViewCell.swift in Sources */ = {isa = PBXBuildFile; fileRef = 12A09DBD2C4BF85A002E3BCF /* RMCharacterPhotoCollectionViewCell.swift */; };
		12A09DC02C4BF863002E3BCF /* RMCharacterInfoCollectionViewCell.swift in Sources */ = {isa = PBXBuildFile; fileRef = 12A09DBF2C4BF863002E3BCF /* RMCharacterInfoCollectionViewCell.swift */; };
		12A09DC22C4BF86C002E3BCF /* RMCharacterEpisodesCollectionViewCell.swift in Sources */ = {isa = PBXBuildFile; fileRef = 12A09DC12C4BF86C002E3BCF /* RMCharacterEpisodesCollectionViewCell.swift */; };
		12A09DC42C4BF8E9002E3BCF /* RMCharacterPhotoCollectionViewCellViewModel.swift in Sources */ = {isa = PBXBuildFile; fileRef = 12A09DC32C4BF8E9002E3BCF /* RMCharacterPhotoCollectionViewCellViewModel.swift */; };
		12A09DC62C4BF8F4002E3BCF /* RMCharacterInfoCollectionViewCellViewModel.swift in Sources */ = {isa = PBXBuildFile; fileRef = 12A09DC52C4BF8F4002E3BCF /* RMCharacterInfoCollectionViewCellViewModel.swift */; };
		12A09DC82C4BF8FD002E3BCF /* RMCharacterEpisodesCollectionViewCellViewModel.swift in Sources */ = {isa = PBXBuildFile; fileRef = 12A09DC72C4BF8FD002E3BCF /* RMCharacterEpisodesCollectionViewCellViewModel.swift */; };
		12A09DD12C4E25A7002E3BCF /* RMEpisodeDetailViewController.swift in Sources */ = {isa = PBXBuildFile; fileRef = 12A09DD02C4E25A7002E3BCF /* RMEpisodeDetailViewController.swift */; };
		12A09DD72C4E47B5002E3BCF /* RMAPICacheManager.swift in Sources */ = {isa = PBXBuildFile; fileRef = 12A09DD62C4E47B5002E3BCF /* RMAPICacheManager.swift */; };
		12A09DD92C4E4DD2002E3BCF /* RMEpisodeDetailViewViewModel.swift in Sources */ = {isa = PBXBuildFile; fileRef = 12A09DD82C4E4DD2002E3BCF /* RMEpisodeDetailViewViewModel.swift */; };
		12A09DDB2C4E4E4E002E3BCF /* RMEpisodeListView.swift in Sources */ = {isa = PBXBuildFile; fileRef = 12A09DDA2C4E4E4E002E3BCF /* RMEpisodeListView.swift */; };
		12A09DDD2C4E5382002E3BCF /* RMEpisodeListViewViewModel.swift in Sources */ = {isa = PBXBuildFile; fileRef = 12A09DDC2C4E5382002E3BCF /* RMEpisodeListViewViewModel.swift */; };
		12A09DE62C4E60AF002E3BCF /* RMGetAllEpisodesResponseModal.swift in Sources */ = {isa = PBXBuildFile; fileRef = 12A09DE52C4E60AF002E3BCF /* RMGetAllEpisodesResponseModal.swift */; };
		12A09DE82C4E6102002E3BCF /* RMCharacterEpisodeCollectionViewCellViewModel.swift in Sources */ = {isa = PBXBuildFile; fileRef = 12A09DE72C4E6102002E3BCF /* RMCharacterEpisodeCollectionViewCellViewModel.swift */; };
		12A09DEA2C4E9A3B002E3BCF /* RMCharacterEpisodeCollectionViewCell.swift in Sources */ = {isa = PBXBuildFile; fileRef = 12A09DE92C4E9A3B002E3BCF /* RMCharacterEpisodeCollectionViewCell.swift */; };
		12A09DF62C4F91B9002E3BCF /* RMEpisodeDetailView.swift in Sources */ = {isa = PBXBuildFile; fileRef = 12A09DF52C4F91B9002E3BCF /* RMEpisodeDetailView.swift */; };
		12A09DFA2C4F954F002E3BCF /* RMSearchViewController.swift in Sources */ = {isa = PBXBuildFile; fileRef = 12A09DF92C4F954F002E3BCF /* RMSearchViewController.swift */; };
		12A09DFC2C4F95A0002E3BCF /* RMSearchConfig.swift in Sources */ = {isa = PBXBuildFile; fileRef = 12A09DFB2C4F95A0002E3BCF /* RMSearchConfig.swift */; };
		12A09DFE2C4FCAC0002E3BCF /* RMEpisodeInfoCollectionViewCellViewModel.swift in Sources */ = {isa = PBXBuildFile; fileRef = 12A09DFD2C4FCAC0002E3BCF /* RMEpisodeInfoCollectionViewCellViewModel.swift */; };
		12A09E002C4FCB08002E3BCF /* RMEpisodeInfoCollectionViewCell.swift in Sources */ = {isa = PBXBuildFile; fileRef = 12A09DFF2C4FCB08002E3BCF /* RMEpisodeInfoCollectionViewCell.swift */; };
		12A09E632C551970002E3BCF /* RMSettingsViewViewModal.swift in Sources */ = {isa = PBXBuildFile; fileRef = 12A09E622C551970002E3BCF /* RMSettingsViewViewModal.swift */; };
		12A09E652C5519B9002E3BCF /* RMSettingsCellViewViewModal.swift in Sources */ = {isa = PBXBuildFile; fileRef = 12A09E642C5519B9002E3BCF /* RMSettingsCellViewViewModal.swift */; };
		12A09E672C551A4F002E3BCF /* RMSettingsOptions.swift in Sources */ = {isa = PBXBuildFile; fileRef = 12A09E662C551A4F002E3BCF /* RMSettingsOptions.swift */; };
		12A09E6D2C551E52002E3BCF /* RMSettingsView.swift in Sources */ = {isa = PBXBuildFile; fileRef = 12A09E6C2C551E52002E3BCF /* RMSettingsView.swift */; };
		12A09E732C560E73002E3BCF /* RMLocationView.swift in Sources */ = {isa = PBXBuildFile; fileRef = 12A09E722C560E73002E3BCF /* RMLocationView.swift */; };
		12A09E752C561022002E3BCF /* RMLocationViewViewModal.swift in Sources */ = {isa = PBXBuildFile; fileRef = 12A09E742C561022002E3BCF /* RMLocationViewViewModal.swift */; };
		12A09E772C561139002E3BCF /* RMLocationTableViewCellViewModal.swift in Sources */ = {isa = PBXBuildFile; fileRef = 12A09E762C561139002E3BCF /* RMLocationTableViewCellViewModal.swift */; };
		12A09E792C561159002E3BCF /* RMLocationTableViewCell.swift in Sources */ = {isa = PBXBuildFile; fileRef = 12A09E782C561159002E3BCF /* RMLocationTableViewCell.swift */; };
		12A09E7B2C561431002E3BCF /* RMGetAllLocationsResponseModal.swift in Sources */ = {isa = PBXBuildFile; fileRef = 12A09E7A2C561431002E3BCF /* RMGetAllLocationsResponseModal.swift */; };
		12A09E7E2C562C1A002E3BCF /* RMLocationDetailViewController.swift in Sources */ = {isa = PBXBuildFile; fileRef = 12A09E7D2C562C19002E3BCF /* RMLocationDetailViewController.swift */; };
		12A09E842C562E19002E3BCF /* RMLocationDetailView.swift in Sources */ = {isa = PBXBuildFile; fileRef = 12A09E832C562E19002E3BCF /* RMLocationDetailView.swift */; };
		12A09E862C562EED002E3BCF /* RMLocationDetailViewViewModel.swift in Sources */ = {isa = PBXBuildFile; fileRef = 12A09E852C562EED002E3BCF /* RMLocationDetailViewViewModel.swift */; };
		12A09E8A2C56388D002E3BCF /* RMSearchView.swift in Sources */ = {isa = PBXBuildFile; fileRef = 12A09E892C56388D002E3BCF /* RMSearchView.swift */; };
		12A09E8D2C563991002E3BCF /* RMSearchViewViewModal.swift in Sources */ = {isa = PBXBuildFile; fileRef = 12A09E8C2C563991002E3BCF /* RMSearchViewViewModal.swift */; };
		12A09E8F2C563CC4002E3BCF /* RMNoSearchStateView.swift in Sources */ = {isa = PBXBuildFile; fileRef = 12A09E8E2C563CC4002E3BCF /* RMNoSearchStateView.swift */; };
		12A09E912C563CF9002E3BCF /* RMEmptySearchStateViewViewModal.swift in Sources */ = {isa = PBXBuildFile; fileRef = 12A09E902C563CF9002E3BCF /* RMEmptySearchStateViewViewModal.swift */; };
		12A09E932C563D2F002E3BCF /* RMSearchInputView.swift in Sources */ = {isa = PBXBuildFile; fileRef = 12A09E922C563D2F002E3BCF /* RMSearchInputView.swift */; };
		12A09E952C563D4A002E3BCF /* RMSearchInputViewViewModal.swift in Sources */ = {isa = PBXBuildFile; fileRef = 12A09E942C563D4A002E3BCF /* RMSearchInputViewViewModal.swift */; };
		12A09E972C565E3F002E3BCF /* RMSearchDynamicOptions.swift in Sources */ = {isa = PBXBuildFile; fileRef = 12A09E962C565E3F002E3BCF /* RMSearchDynamicOptions.swift */; };
		12A09E9A2C56715B002E3BCF /* RMSearchOptionPickerViewController.swift in Sources */ = {isa = PBXBuildFile; fileRef = 12A09E992C56715B002E3BCF /* RMSearchOptionPickerViewController.swift */; };
		12A09E9C2C56765F002E3BCF /* RMLocationType.swift in Sources */ = {isa = PBXBuildFile; fileRef = 12A09E9B2C56765F002E3BCF /* RMLocationType.swift */; };
/* End PBXBuildFile section */

/* Begin PBXContainerItemProxy section */
		126064B52C425860004E2B26 /* PBXContainerItemProxy */ = {
			isa = PBXContainerItemProxy;
			containerPortal = 126064962C42585A004E2B26 /* Project object */;
			proxyType = 1;
			remoteGlobalIDString = 1260649D2C42585A004E2B26;
			remoteInfo = RickAndMorty;
		};
		126064BF2C425860004E2B26 /* PBXContainerItemProxy */ = {
			isa = PBXContainerItemProxy;
			containerPortal = 126064962C42585A004E2B26 /* Project object */;
			proxyType = 1;
			remoteGlobalIDString = 1260649D2C42585A004E2B26;
			remoteInfo = RickAndMorty;
		};
/* End PBXContainerItemProxy section */

/* Begin PBXFileReference section */
		1260649E2C42585A004E2B26 /* RickAndMorty.app */ = {isa = PBXFileReference; explicitFileType = wrapper.application; includeInIndex = 0; path = RickAndMorty.app; sourceTree = BUILT_PRODUCTS_DIR; };
		126064A12C42585A004E2B26 /* AppDelegate.swift */ = {isa = PBXFileReference; lastKnownFileType = sourcecode.swift; path = AppDelegate.swift; sourceTree = "<group>"; };
		126064A32C42585A004E2B26 /* SceneDelegate.swift */ = {isa = PBXFileReference; lastKnownFileType = sourcecode.swift; path = SceneDelegate.swift; sourceTree = "<group>"; };
		126064A52C42585A004E2B26 /* RMTabViewController.swift */ = {isa = PBXFileReference; lastKnownFileType = sourcecode.swift; path = RMTabViewController.swift; sourceTree = "<group>"; };
		126064AA2C42585C004E2B26 /* Assets.xcassets */ = {isa = PBXFileReference; lastKnownFileType = folder.assetcatalog; path = Assets.xcassets; sourceTree = "<group>"; };
		126064AD2C42585C004E2B26 /* Base */ = {isa = PBXFileReference; lastKnownFileType = file.storyboard; name = Base; path = Base.lproj/LaunchScreen.storyboard; sourceTree = "<group>"; };
		126064AF2C42585C004E2B26 /* Info.plist */ = {isa = PBXFileReference; lastKnownFileType = text.plist.xml; path = Info.plist; sourceTree = "<group>"; };
		126064B42C425860004E2B26 /* RickAndMortyTests.xctest */ = {isa = PBXFileReference; explicitFileType = wrapper.cfbundle; includeInIndex = 0; path = RickAndMortyTests.xctest; sourceTree = BUILT_PRODUCTS_DIR; };
		126064B82C425860004E2B26 /* RickAndMortyTests.swift */ = {isa = PBXFileReference; lastKnownFileType = sourcecode.swift; path = RickAndMortyTests.swift; sourceTree = "<group>"; };
		126064BE2C425860004E2B26 /* RickAndMortyUITests.xctest */ = {isa = PBXFileReference; explicitFileType = wrapper.cfbundle; includeInIndex = 0; path = RickAndMortyUITests.xctest; sourceTree = BUILT_PRODUCTS_DIR; };
		126064C22C425860004E2B26 /* RickAndMortyUITests.swift */ = {isa = PBXFileReference; lastKnownFileType = sourcecode.swift; path = RickAndMortyUITests.swift; sourceTree = "<group>"; };
		126064C42C425860004E2B26 /* RickAndMortyUITestsLaunchTests.swift */ = {isa = PBXFileReference; lastKnownFileType = sourcecode.swift; path = RickAndMortyUITestsLaunchTests.swift; sourceTree = "<group>"; };
		126064D92C425BCE004E2B26 /* RMEpisode.swift */ = {isa = PBXFileReference; lastKnownFileType = sourcecode.swift; path = RMEpisode.swift; sourceTree = "<group>"; };
		126064DB2C425BD7004E2B26 /* RMCharacter.swift */ = {isa = PBXFileReference; lastKnownFileType = sourcecode.swift; path = RMCharacter.swift; sourceTree = "<group>"; };
		126064DD2C425BDE004E2B26 /* RMLocation.swift */ = {isa = PBXFileReference; lastKnownFileType = sourcecode.swift; path = RMLocation.swift; sourceTree = "<group>"; };
		126064E12C425CC6004E2B26 /* RMCharacterViewController.swift */ = {isa = PBXFileReference; lastKnownFileType = sourcecode.swift; path = RMCharacterViewController.swift; sourceTree = "<group>"; };
		126064E32C425CD2004E2B26 /* RMEpisodeViewController.swift */ = {isa = PBXFileReference; lastKnownFileType = sourcecode.swift; path = RMEpisodeViewController.swift; sourceTree = "<group>"; };
		126064E52C425CDD004E2B26 /* RMLocationViewController.swift */ = {isa = PBXFileReference; lastKnownFileType = sourcecode.swift; path = RMLocationViewController.swift; sourceTree = "<group>"; };
		126064E72C425CE8004E2B26 /* RMSettingsViewController.swift */ = {isa = PBXFileReference; lastKnownFileType = sourcecode.swift; path = RMSettingsViewController.swift; sourceTree = "<group>"; };
		126064E92C42A7F1004E2B26 /* RMService.swift */ = {isa = PBXFileReference; lastKnownFileType = sourcecode.swift; path = RMService.swift; sourceTree = "<group>"; };
		126064EB2C42A801004E2B26 /* RMRequest.swift */ = {isa = PBXFileReference; lastKnownFileType = sourcecode.swift; path = RMRequest.swift; sourceTree = "<group>"; };
		126064ED2C42A8B5004E2B26 /* RMEndPoint.swift */ = {isa = PBXFileReference; lastKnownFileType = sourcecode.swift; path = RMEndPoint.swift; sourceTree = "<group>"; };
		126064EF2C42B718004E2B26 /* RMOrigin.swift */ = {isa = PBXFileReference; lastKnownFileType = sourcecode.swift; path = RMOrigin.swift; sourceTree = "<group>"; };
		126064F12C42B763004E2B26 /* RMSingleLocation.swift */ = {isa = PBXFileReference; lastKnownFileType = sourcecode.swift; path = RMSingleLocation.swift; sourceTree = "<group>"; };
		126064F32C42B7BC004E2B26 /* RMCharacterStatus.swift */ = {isa = PBXFileReference; lastKnownFileType = sourcecode.swift; path = RMCharacterStatus.swift; sourceTree = "<group>"; };
		126064F52C42B868004E2B26 /* RMCharacterGender.swift */ = {isa = PBXFileReference; lastKnownFileType = sourcecode.swift; path = RMCharacterGender.swift; sourceTree = "<group>"; };
		126064F92C43E5AC004E2B26 /* RMServiceError.swift */ = {isa = PBXFileReference; lastKnownFileType = sourcecode.swift; path = RMServiceError.swift; sourceTree = "<group>"; };
		126064FC2C43E9C8004E2B26 /* RMGetAllCharactersResponseModal.swift */ = {isa = PBXFileReference; lastKnownFileType = sourcecode.swift; path = RMGetAllCharactersResponseModal.swift; sourceTree = "<group>"; };
		126064FF2C44195F004E2B26 /* RMCharacterListViewViewModal.swift */ = {isa = PBXFileReference; lastKnownFileType = sourcecode.swift; path = RMCharacterListViewViewModal.swift; sourceTree = "<group>"; };
		126065022C4419CA004E2B26 /* RMCharacterListView.swift */ = {isa = PBXFileReference; lastKnownFileType = sourcecode.swift; path = RMCharacterListView.swift; sourceTree = "<group>"; };
		126065042C4421EE004E2B26 /* UIView+Ext.swift */ = {isa = PBXFileReference; lastKnownFileType = sourcecode.swift; path = "UIView+Ext.swift"; sourceTree = "<group>"; };
		126065062C443C0F004E2B26 /* RMCharacterCollectionViewCell.swift */ = {isa = PBXFileReference; lastKnownFileType = sourcecode.swift; path = RMCharacterCollectionViewCell.swift; sourceTree = "<group>"; };
		126065082C443EF9004E2B26 /* RMCharacterCollectionViewCellViewModel.swift */ = {isa = PBXFileReference; lastKnownFileType = sourcecode.swift; path = RMCharacterCollectionViewCellViewModel.swift; sourceTree = "<group>"; };
		1260650D2C4518D7004E2B26 /* RMCharacterDetailViewController.swift */ = {isa = PBXFileReference; lastKnownFileType = sourcecode.swift; path = RMCharacterDetailViewController.swift; sourceTree = "<group>"; };
		126065102C45196E004E2B26 /* RMCharacterDetailView.swift */ = {isa = PBXFileReference; lastKnownFileType = sourcecode.swift; path = RMCharacterDetailView.swift; sourceTree = "<group>"; };
		126065142C451A33004E2B26 /* RMCharacterDetailViewViewModel.swift */ = {isa = PBXFileReference; lastKnownFileType = sourcecode.swift; path = RMCharacterDetailViewViewModel.swift; sourceTree = "<group>"; };
		12A09DA92C48DFA7002E3BCF /* RMFooterLoadingCollectionReusableView.swift */ = {isa = PBXFileReference; lastKnownFileType = sourcecode.swift; path = RMFooterLoadingCollectionReusableView.swift; sourceTree = "<group>"; };
		12A09DAB2C4A8C5C002E3BCF /* RMImageManager.swift */ = {isa = PBXFileReference; lastKnownFileType = sourcecode.swift; path = RMImageManager.swift; sourceTree = "<group>"; };
		12A09DAE2C4A8D83002E3BCF /* RMToastAdaptable.swift */ = {isa = PBXFileReference; lastKnownFileType = sourcecode.swift; path = RMToastAdaptable.swift; sourceTree = "<group>"; };
		12A09DB02C4A9376002E3BCF /* RMSuccessToast.swift */ = {isa = PBXFileReference; lastKnownFileType = sourcecode.swift; path = RMSuccessToast.swift; sourceTree = "<group>"; };
		12A09DB22C4A938C002E3BCF /* RMErrorToast.swift */ = {isa = PBXFileReference; lastKnownFileType = sourcecode.swift; path = RMErrorToast.swift; sourceTree = "<group>"; };
		12A09DB42C4A93D3002E3BCF /* UIColor+Ext.swift */ = {isa = PBXFileReference; lastKnownFileType = sourcecode.swift; path = "UIColor+Ext.swift"; sourceTree = "<group>"; };
		12A09DBD2C4BF85A002E3BCF /* RMCharacterPhotoCollectionViewCell.swift */ = {isa = PBXFileReference; lastKnownFileType = sourcecode.swift; path = RMCharacterPhotoCollectionViewCell.swift; sourceTree = "<group>"; };
		12A09DBF2C4BF863002E3BCF /* RMCharacterInfoCollectionViewCell.swift */ = {isa = PBXFileReference; lastKnownFileType = sourcecode.swift; path = RMCharacterInfoCollectionViewCell.swift; sourceTree = "<group>"; };
		12A09DC12C4BF86C002E3BCF /* RMCharacterEpisodesCollectionViewCell.swift */ = {isa = PBXFileReference; lastKnownFileType = sourcecode.swift; path = RMCharacterEpisodesCollectionViewCell.swift; sourceTree = "<group>"; };
		12A09DC32C4BF8E9002E3BCF /* RMCharacterPhotoCollectionViewCellViewModel.swift */ = {isa = PBXFileReference; lastKnownFileType = sourcecode.swift; path = RMCharacterPhotoCollectionViewCellViewModel.swift; sourceTree = "<group>"; };
		12A09DC52C4BF8F4002E3BCF /* RMCharacterInfoCollectionViewCellViewModel.swift */ = {isa = PBXFileReference; lastKnownFileType = sourcecode.swift; path = RMCharacterInfoCollectionViewCellViewModel.swift; sourceTree = "<group>"; };
		12A09DC72C4BF8FD002E3BCF /* RMCharacterEpisodesCollectionViewCellViewModel.swift */ = {isa = PBXFileReference; lastKnownFileType = sourcecode.swift; path = RMCharacterEpisodesCollectionViewCellViewModel.swift; sourceTree = "<group>"; };
		12A09DD02C4E25A7002E3BCF /* RMEpisodeDetailViewController.swift */ = {isa = PBXFileReference; lastKnownFileType = sourcecode.swift; name = RMEpisodeDetailViewController.swift; path = "../New Group/RMEpisodeDetailViewController.swift"; sourceTree = "<group>"; };
		12A09DD62C4E47B5002E3BCF /* RMAPICacheManager.swift */ = {isa = PBXFileReference; lastKnownFileType = sourcecode.swift; path = RMAPICacheManager.swift; sourceTree = "<group>"; };
		12A09DD82C4E4DD2002E3BCF /* RMEpisodeDetailViewViewModel.swift */ = {isa = PBXFileReference; lastKnownFileType = sourcecode.swift; path = RMEpisodeDetailViewViewModel.swift; sourceTree = "<group>"; };
		12A09DDA2C4E4E4E002E3BCF /* RMEpisodeListView.swift */ = {isa = PBXFileReference; lastKnownFileType = sourcecode.swift; path = RMEpisodeListView.swift; sourceTree = "<group>"; };
		12A09DDC2C4E5382002E3BCF /* RMEpisodeListViewViewModel.swift */ = {isa = PBXFileReference; lastKnownFileType = sourcecode.swift; path = RMEpisodeListViewViewModel.swift; sourceTree = "<group>"; };
		12A09DE52C4E60AF002E3BCF /* RMGetAllEpisodesResponseModal.swift */ = {isa = PBXFileReference; lastKnownFileType = sourcecode.swift; path = RMGetAllEpisodesResponseModal.swift; sourceTree = "<group>"; };
		12A09DE72C4E6102002E3BCF /* RMCharacterEpisodeCollectionViewCellViewModel.swift */ = {isa = PBXFileReference; lastKnownFileType = sourcecode.swift; path = RMCharacterEpisodeCollectionViewCellViewModel.swift; sourceTree = "<group>"; };
		12A09DE92C4E9A3B002E3BCF /* RMCharacterEpisodeCollectionViewCell.swift */ = {isa = PBXFileReference; fileEncoding = 4; lastKnownFileType = sourcecode.swift; name = RMCharacterEpisodeCollectionViewCell.swift; path = ../../../.Trash/RMCharacterEpisodeCollectionViewCell.swift; sourceTree = "<group>"; };
		12A09DF52C4F91B9002E3BCF /* RMEpisodeDetailView.swift */ = {isa = PBXFileReference; lastKnownFileType = sourcecode.swift; path = RMEpisodeDetailView.swift; sourceTree = "<group>"; };
		12A09DF92C4F954F002E3BCF /* RMSearchViewController.swift */ = {isa = PBXFileReference; lastKnownFileType = sourcecode.swift; path = RMSearchViewController.swift; sourceTree = "<group>"; };
		12A09DFB2C4F95A0002E3BCF /* RMSearchConfig.swift */ = {isa = PBXFileReference; lastKnownFileType = sourcecode.swift; path = RMSearchConfig.swift; sourceTree = "<group>"; };
		12A09DFD2C4FCAC0002E3BCF /* RMEpisodeInfoCollectionViewCellViewModel.swift */ = {isa = PBXFileReference; lastKnownFileType = sourcecode.swift; path = RMEpisodeInfoCollectionViewCellViewModel.swift; sourceTree = "<group>"; };
		12A09DFF2C4FCB08002E3BCF /* RMEpisodeInfoCollectionViewCell.swift */ = {isa = PBXFileReference; lastKnownFileType = sourcecode.swift; path = RMEpisodeInfoCollectionViewCell.swift; sourceTree = "<group>"; };
		12A09E622C551970002E3BCF /* RMSettingsViewViewModal.swift */ = {isa = PBXFileReference; lastKnownFileType = sourcecode.swift; path = RMSettingsViewViewModal.swift; sourceTree = "<group>"; };
		12A09E642C5519B9002E3BCF /* RMSettingsCellViewViewModal.swift */ = {isa = PBXFileReference; lastKnownFileType = sourcecode.swift; path = RMSettingsCellViewViewModal.swift; sourceTree = "<group>"; };
		12A09E662C551A4F002E3BCF /* RMSettingsOptions.swift */ = {isa = PBXFileReference; lastKnownFileType = sourcecode.swift; path = RMSettingsOptions.swift; sourceTree = "<group>"; };
		12A09E6C2C551E52002E3BCF /* RMSettingsView.swift */ = {isa = PBXFileReference; lastKnownFileType = sourcecode.swift; path = RMSettingsView.swift; sourceTree = "<group>"; };
		12A09E722C560E73002E3BCF /* RMLocationView.swift */ = {isa = PBXFileReference; lastKnownFileType = sourcecode.swift; path = RMLocationView.swift; sourceTree = "<group>"; };
		12A09E742C561022002E3BCF /* RMLocationViewViewModal.swift */ = {isa = PBXFileReference; lastKnownFileType = sourcecode.swift; path = RMLocationViewViewModal.swift; sourceTree = "<group>"; };
		12A09E762C561139002E3BCF /* RMLocationTableViewCellViewModal.swift */ = {isa = PBXFileReference; lastKnownFileType = sourcecode.swift; path = RMLocationTableViewCellViewModal.swift; sourceTree = "<group>"; };
		12A09E782C561159002E3BCF /* RMLocationTableViewCell.swift */ = {isa = PBXFileReference; lastKnownFileType = sourcecode.swift; path = RMLocationTableViewCell.swift; sourceTree = "<group>"; };
		12A09E7A2C561431002E3BCF /* RMGetAllLocationsResponseModal.swift */ = {isa = PBXFileReference; lastKnownFileType = sourcecode.swift; path = RMGetAllLocationsResponseModal.swift; sourceTree = "<group>"; };
		12A09E7D2C562C19002E3BCF /* RMLocationDetailViewController.swift */ = {isa = PBXFileReference; lastKnownFileType = sourcecode.swift; path = RMLocationDetailViewController.swift; sourceTree = "<group>"; };
		12A09E832C562E19002E3BCF /* RMLocationDetailView.swift */ = {isa = PBXFileReference; lastKnownFileType = sourcecode.swift; path = RMLocationDetailView.swift; sourceTree = "<group>"; };
		12A09E852C562EED002E3BCF /* RMLocationDetailViewViewModel.swift */ = {isa = PBXFileReference; lastKnownFileType = sourcecode.swift; path = RMLocationDetailViewViewModel.swift; sourceTree = "<group>"; };
		12A09E892C56388D002E3BCF /* RMSearchView.swift */ = {isa = PBXFileReference; lastKnownFileType = sourcecode.swift; path = RMSearchView.swift; sourceTree = "<group>"; };
		12A09E8C2C563991002E3BCF /* RMSearchViewViewModal.swift */ = {isa = PBXFileReference; lastKnownFileType = sourcecode.swift; path = RMSearchViewViewModal.swift; sourceTree = "<group>"; };
		12A09E8E2C563CC4002E3BCF /* RMNoSearchStateView.swift */ = {isa = PBXFileReference; lastKnownFileType = sourcecode.swift; path = RMNoSearchStateView.swift; sourceTree = "<group>"; };
		12A09E902C563CF9002E3BCF /* RMEmptySearchStateViewViewModal.swift */ = {isa = PBXFileReference; lastKnownFileType = sourcecode.swift; path = RMEmptySearchStateViewViewModal.swift; sourceTree = "<group>"; };
		12A09E922C563D2F002E3BCF /* RMSearchInputView.swift */ = {isa = PBXFileReference; lastKnownFileType = sourcecode.swift; path = RMSearchInputView.swift; sourceTree = "<group>"; };
		12A09E942C563D4A002E3BCF /* RMSearchInputViewViewModal.swift */ = {isa = PBXFileReference; lastKnownFileType = sourcecode.swift; path = RMSearchInputViewViewModal.swift; sourceTree = "<group>"; };
		12A09E962C565E3F002E3BCF /* RMSearchDynamicOptions.swift */ = {isa = PBXFileReference; lastKnownFileType = sourcecode.swift; path = RMSearchDynamicOptions.swift; sourceTree = "<group>"; };
		12A09E992C56715B002E3BCF /* RMSearchOptionPickerViewController.swift */ = {isa = PBXFileReference; lastKnownFileType = sourcecode.swift; path = RMSearchOptionPickerViewController.swift; sourceTree = "<group>"; };
		12A09E9B2C56765F002E3BCF /* RMLocationType.swift */ = {isa = PBXFileReference; lastKnownFileType = sourcecode.swift; path = RMLocationType.swift; sourceTree = "<group>"; };
/* End PBXFileReference section */

/* Begin PBXFrameworksBuildPhase section */
		1260649B2C42585A004E2B26 /* Frameworks */ = {
			isa = PBXFrameworksBuildPhase;
			buildActionMask = 2147483647;
			files = (
			);
			runOnlyForDeploymentPostprocessing = 0;
		};
		126064B12C425860004E2B26 /* Frameworks */ = {
			isa = PBXFrameworksBuildPhase;
			buildActionMask = 2147483647;
			files = (
			);
			runOnlyForDeploymentPostprocessing = 0;
		};
		126064BB2C425860004E2B26 /* Frameworks */ = {
			isa = PBXFrameworksBuildPhase;
			buildActionMask = 2147483647;
			files = (
			);
			runOnlyForDeploymentPostprocessing = 0;
		};
/* End PBXFrameworksBuildPhase section */

/* Begin PBXGroup section */
		126064952C42585A004E2B26 = {
			isa = PBXGroup;
			children = (
				126064D42C425B20004E2B26 /* Resources */,
				1260650B2C44E4C5004E2B26 /* Utilities */,
				126064D22C425B07004E2B26 /* APIClient */,
				126064FB2C43E98C004E2B26 /* APIResponseTypes */,
				126064D12C425B01004E2B26 /* Managers */,
				126064D52C425B5A004E2B26 /* Extensions */,
				12A09DAD2C4A8D6F002E3BCF /* Toast */,
				126064DF2C425C0A004E2B26 /* TabBar */,
				126064D72C425BBE004E2B26 /* Character */,
				1260650C2C4518B5004E2B26 /* CharacterDetail */,
				126064D62C425BB6004E2B26 /* Location */,
				12A09E7C2C562C04002E3BCF /* LocationDetail */,
				126064D82C425BC4004E2B26 /* Episode */,
				12A09DCF2C4E258A002E3BCF /* EpisodeDetail */,
				126064E02C425CA6004E2B26 /* Settings */,
				12A09DF72C4F9525002E3BCF /* Search */,
				12A09E982C56713C002E3BCF /* SearchOptionPicker */,
				126064A02C42585A004E2B26 /* RickAndMorty */,
				126064B72C425860004E2B26 /* RickAndMortyTests */,
				126064C12C425860004E2B26 /* RickAndMortyUITests */,
				1260649F2C42585A004E2B26 /* Products */,
			);
			sourceTree = "<group>";
		};
		1260649F2C42585A004E2B26 /* Products */ = {
			isa = PBXGroup;
			children = (
				1260649E2C42585A004E2B26 /* RickAndMorty.app */,
				126064B42C425860004E2B26 /* RickAndMortyTests.xctest */,
				126064BE2C425860004E2B26 /* RickAndMortyUITests.xctest */,
			);
			name = Products;
			sourceTree = "<group>";
		};
		126064A02C42585A004E2B26 /* RickAndMorty */ = {
			isa = PBXGroup;
			children = (
				126064AF2C42585C004E2B26 /* Info.plist */,
			);
			path = RickAndMorty;
			sourceTree = "<group>";
		};
		126064B72C425860004E2B26 /* RickAndMortyTests */ = {
			isa = PBXGroup;
			children = (
				126064B82C425860004E2B26 /* RickAndMortyTests.swift */,
			);
			path = RickAndMortyTests;
			sourceTree = "<group>";
		};
		126064C12C425860004E2B26 /* RickAndMortyUITests */ = {
			isa = PBXGroup;
			children = (
				126064C22C425860004E2B26 /* RickAndMortyUITests.swift */,
				126064C42C425860004E2B26 /* RickAndMortyUITestsLaunchTests.swift */,
			);
			path = RickAndMortyUITests;
			sourceTree = "<group>";
		};
		126064D12C425B01004E2B26 /* Managers */ = {
			isa = PBXGroup;
			children = (
				12A09DAB2C4A8C5C002E3BCF /* RMImageManager.swift */,
				12A09DD62C4E47B5002E3BCF /* RMAPICacheManager.swift */,
			);
			path = Managers;
			sourceTree = "<group>";
		};
		126064D22C425B07004E2B26 /* APIClient */ = {
			isa = PBXGroup;
			children = (
				126064E92C42A7F1004E2B26 /* RMService.swift */,
				126064EB2C42A801004E2B26 /* RMRequest.swift */,
				126064F92C43E5AC004E2B26 /* RMServiceError.swift */,
				126064ED2C42A8B5004E2B26 /* RMEndPoint.swift */,
			);
			path = APIClient;
			sourceTree = "<group>";
		};
		126064D42C425B20004E2B26 /* Resources */ = {
			isa = PBXGroup;
			children = (
				126064A12C42585A004E2B26 /* AppDelegate.swift */,
				126064A32C42585A004E2B26 /* SceneDelegate.swift */,
				126064AA2C42585C004E2B26 /* Assets.xcassets */,
				126064AC2C42585C004E2B26 /* LaunchScreen.storyboard */,
			);
			path = Resources;
			sourceTree = "<group>";
		};
		126064D52C425B5A004E2B26 /* Extensions */ = {
			isa = PBXGroup;
			children = (
				126065042C4421EE004E2B26 /* UIView+Ext.swift */,
				12A09DB42C4A93D3002E3BCF /* UIColor+Ext.swift */,
			);
			path = Extensions;
			sourceTree = "<group>";
		};
		126064D62C425BB6004E2B26 /* Location */ = {
			isa = PBXGroup;
			children = (
				12A09E712C560E67002E3BCF /* Views */,
				12A09E702C560DFE002E3BCF /* ViewModal */,
				12A09E6F2C560DF6002E3BCF /* Modals */,
				12A09E6E2C560DED002E3BCF /* Controllers */,
			);
			path = Location;
			sourceTree = "<group>";
		};
		126064D72C425BBE004E2B26 /* Character */ = {
			isa = PBXGroup;
			children = (
				1260650A2C44DDDD004E2B26 /* Views */,
				126064FE2C44193B004E2B26 /* ViewModal */,
				126064F82C42B8DA004E2B26 /* Controller */,
				126064F72C42B8B8004E2B26 /* Modals */,
			);
			path = Character;
			sourceTree = "<group>";
		};
		126064D82C425BC4004E2B26 /* Episode */ = {
			isa = PBXGroup;
			children = (
				12A09DE22C4E53EA002E3BCF /* Modals */,
				12A09DE12C4E53DB002E3BCF /* Controllers */,
				12A09DE02C4E53BB002E3BCF /* Views */,
				12A09DDF2C4E53A1002E3BCF /* ViewModal */,
			);
			path = Episode;
			sourceTree = "<group>";
		};
		126064DF2C425C0A004E2B26 /* TabBar */ = {
			isa = PBXGroup;
			children = (
				126064A52C42585A004E2B26 /* RMTabViewController.swift */,
			);
			path = TabBar;
			sourceTree = "<group>";
		};
		126064E02C425CA6004E2B26 /* Settings */ = {
			isa = PBXGroup;
			children = (
				12A09E6B2C551E28002E3BCF /* Views */,
				12A09E6A2C551C61002E3BCF /* Others */,
				12A09E692C551C5B002E3BCF /* Controllers */,
				12A09E682C551C56002E3BCF /* ViewModal */,
			);
			path = Settings;
			sourceTree = "<group>";
		};
		126064F72C42B8B8004E2B26 /* Modals */ = {
			isa = PBXGroup;
			children = (
				126064DB2C425BD7004E2B26 /* RMCharacter.swift */,
				126064F32C42B7BC004E2B26 /* RMCharacterStatus.swift */,
				126064F52C42B868004E2B26 /* RMCharacterGender.swift */,
				126064F12C42B763004E2B26 /* RMSingleLocation.swift */,
				126064EF2C42B718004E2B26 /* RMOrigin.swift */,
			);
			path = Modals;
			sourceTree = "<group>";
		};
		126064F82C42B8DA004E2B26 /* Controller */ = {
			isa = PBXGroup;
			children = (
				126064E12C425CC6004E2B26 /* RMCharacterViewController.swift */,
			);
			path = Controller;
			sourceTree = "<group>";
		};
		126064FB2C43E98C004E2B26 /* APIResponseTypes */ = {
			isa = PBXGroup;
			children = (
				126064FC2C43E9C8004E2B26 /* RMGetAllCharactersResponseModal.swift */,
				12A09DE52C4E60AF002E3BCF /* RMGetAllEpisodesResponseModal.swift */,
				12A09E7A2C561431002E3BCF /* RMGetAllLocationsResponseModal.swift */,
			);
			path = APIResponseTypes;
			sourceTree = "<group>";
		};
		126064FE2C44193B004E2B26 /* ViewModal */ = {
			isa = PBXGroup;
			children = (
				126064FF2C44195F004E2B26 /* RMCharacterListViewViewModal.swift */,
				126065082C443EF9004E2B26 /* RMCharacterCollectionViewCellViewModel.swift */,
			);
			path = ViewModal;
			sourceTree = "<group>";
		};
		1260650A2C44DDDD004E2B26 /* Views */ = {
			isa = PBXGroup;
			children = (
				126065022C4419CA004E2B26 /* RMCharacterListView.swift */,
				126065062C443C0F004E2B26 /* RMCharacterCollectionViewCell.swift */,
				12A09DA92C48DFA7002E3BCF /* RMFooterLoadingCollectionReusableView.swift */,
			);
			path = Views;
			sourceTree = "<group>";
		};
		1260650B2C44E4C5004E2B26 /* Utilities */ = {
			isa = PBXGroup;
			children = (
			);
			path = Utilities;
			sourceTree = "<group>";
		};
		1260650C2C4518B5004E2B26 /* CharacterDetail */ = {
			isa = PBXGroup;
			children = (
				126065132C451A24004E2B26 /* ViewModel */,
				126065122C451973004E2B26 /* Controller */,
				1260650F2C451960004E2B26 /* Views */,
			);
			path = CharacterDetail;
			sourceTree = "<group>";
		};
		1260650F2C451960004E2B26 /* Views */ = {
			isa = PBXGroup;
			children = (
				126065102C45196E004E2B26 /* RMCharacterDetailView.swift */,
				12A09DBD2C4BF85A002E3BCF /* RMCharacterPhotoCollectionViewCell.swift */,
				12A09DBF2C4BF863002E3BCF /* RMCharacterInfoCollectionViewCell.swift */,
				12A09DC12C4BF86C002E3BCF /* RMCharacterEpisodesCollectionViewCell.swift */,
			);
			path = Views;
			sourceTree = "<group>";
		};
		126065122C451973004E2B26 /* Controller */ = {
			isa = PBXGroup;
			children = (
				1260650D2C4518D7004E2B26 /* RMCharacterDetailViewController.swift */,
			);
			path = Controller;
			sourceTree = "<group>";
		};
		126065132C451A24004E2B26 /* ViewModel */ = {
			isa = PBXGroup;
			children = (
				126065142C451A33004E2B26 /* RMCharacterDetailViewViewModel.swift */,
				12A09DC32C4BF8E9002E3BCF /* RMCharacterPhotoCollectionViewCellViewModel.swift */,
				12A09DC52C4BF8F4002E3BCF /* RMCharacterInfoCollectionViewCellViewModel.swift */,
				12A09DC72C4BF8FD002E3BCF /* RMCharacterEpisodesCollectionViewCellViewModel.swift */,
			);
			path = ViewModel;
			sourceTree = "<group>";
		};
		12A09DAD2C4A8D6F002E3BCF /* Toast */ = {
			isa = PBXGroup;
			children = (
				12A09DAE2C4A8D83002E3BCF /* RMToastAdaptable.swift */,
				12A09DB02C4A9376002E3BCF /* RMSuccessToast.swift */,
				12A09DB22C4A938C002E3BCF /* RMErrorToast.swift */,
			);
			path = Toast;
			sourceTree = "<group>";
		};
		12A09DCF2C4E258A002E3BCF /* EpisodeDetail */ = {
			isa = PBXGroup;
			children = (
				12A09DD52C4E25C9002E3BCF /* Modals */,
				12A09DD42C4E25C4002E3BCF /* Views */,
				12A09DD32C4E25BB002E3BCF /* ViewModels */,
				12A09DD22C4E25AB002E3BCF /* Controllers */,
			);
			path = EpisodeDetail;
			sourceTree = "<group>";
		};
		12A09DD22C4E25AB002E3BCF /* Controllers */ = {
			isa = PBXGroup;
			children = (
				12A09DD02C4E25A7002E3BCF /* RMEpisodeDetailViewController.swift */,
			);
			path = Controllers;
			sourceTree = "<group>";
		};
		12A09DD32C4E25BB002E3BCF /* ViewModels */ = {
			isa = PBXGroup;
			children = (
				12A09DD82C4E4DD2002E3BCF /* RMEpisodeDetailViewViewModel.swift */,
				12A09DFD2C4FCAC0002E3BCF /* RMEpisodeInfoCollectionViewCellViewModel.swift */,
			);
			path = ViewModels;
			sourceTree = "<group>";
		};
		12A09DD42C4E25C4002E3BCF /* Views */ = {
			isa = PBXGroup;
			children = (
				12A09DF52C4F91B9002E3BCF /* RMEpisodeDetailView.swift */,
				12A09DFF2C4FCB08002E3BCF /* RMEpisodeInfoCollectionViewCell.swift */,
			);
			path = Views;
			sourceTree = "<group>";
		};
		12A09DD52C4E25C9002E3BCF /* Modals */ = {
			isa = PBXGroup;
			children = (
			);
			path = Modals;
			sourceTree = "<group>";
		};
		12A09DDF2C4E53A1002E3BCF /* ViewModal */ = {
			isa = PBXGroup;
			children = (
				12A09DDC2C4E5382002E3BCF /* RMEpisodeListViewViewModel.swift */,
				12A09DE72C4E6102002E3BCF /* RMCharacterEpisodeCollectionViewCellViewModel.swift */,
			);
			name = ViewModal;
			sourceTree = "<group>";
		};
		12A09DE02C4E53BB002E3BCF /* Views */ = {
			isa = PBXGroup;
			children = (
				12A09DDA2C4E4E4E002E3BCF /* RMEpisodeListView.swift */,
				12A09DE92C4E9A3B002E3BCF /* RMCharacterEpisodeCollectionViewCell.swift */,
			);
			name = Views;
			sourceTree = "<group>";
		};
		12A09DE12C4E53DB002E3BCF /* Controllers */ = {
			isa = PBXGroup;
			children = (
				126064E32C425CD2004E2B26 /* RMEpisodeViewController.swift */,
			);
			name = Controllers;
			sourceTree = "<group>";
		};
		12A09DE22C4E53EA002E3BCF /* Modals */ = {
			isa = PBXGroup;
			children = (
				126064D92C425BCE004E2B26 /* RMEpisode.swift */,
			);
			name = Modals;
			sourceTree = "<group>";
		};
		12A09DF72C4F9525002E3BCF /* Search */ = {
			isa = PBXGroup;
			children = (
				12A09E8B2C56398B002E3BCF /* ViewModal */,
				12A09E882C563881002E3BCF /* Views */,
				12A09E872C56387A002E3BCF /* Others */,
				12A09DF82C4F9533002E3BCF /* Controllers */,
			);
			path = Search;
			sourceTree = "<group>";
		};
		12A09DF82C4F9533002E3BCF /* Controllers */ = {
			isa = PBXGroup;
			children = (
				12A09DF92C4F954F002E3BCF /* RMSearchViewController.swift */,
			);
			path = Controllers;
			sourceTree = "<group>";
		};
		12A09E682C551C56002E3BCF /* ViewModal */ = {
			isa = PBXGroup;
			children = (
				12A09E642C5519B9002E3BCF /* RMSettingsCellViewViewModal.swift */,
				12A09E622C551970002E3BCF /* RMSettingsViewViewModal.swift */,
			);
			path = ViewModal;
			sourceTree = "<group>";
		};
		12A09E692C551C5B002E3BCF /* Controllers */ = {
			isa = PBXGroup;
			children = (
				126064E72C425CE8004E2B26 /* RMSettingsViewController.swift */,
			);
			path = Controllers;
			sourceTree = "<group>";
		};
		12A09E6A2C551C61002E3BCF /* Others */ = {
			isa = PBXGroup;
			children = (
				12A09E662C551A4F002E3BCF /* RMSettingsOptions.swift */,
			);
			path = Others;
			sourceTree = "<group>";
		};
		12A09E6B2C551E28002E3BCF /* Views */ = {
			isa = PBXGroup;
			children = (
				12A09E6C2C551E52002E3BCF /* RMSettingsView.swift */,
			);
			path = Views;
			sourceTree = "<group>";
		};
		12A09E6E2C560DED002E3BCF /* Controllers */ = {
			isa = PBXGroup;
			children = (
				126064E52C425CDD004E2B26 /* RMLocationViewController.swift */,
			);
			path = Controllers;
			sourceTree = "<group>";
		};
		12A09E6F2C560DF6002E3BCF /* Modals */ = {
			isa = PBXGroup;
			children = (
				126064DD2C425BDE004E2B26 /* RMLocation.swift */,
				12A09E9B2C56765F002E3BCF /* RMLocationType.swift */,
			);
			path = Modals;
			sourceTree = "<group>";
		};
		12A09E702C560DFE002E3BCF /* ViewModal */ = {
			isa = PBXGroup;
			children = (
				12A09E742C561022002E3BCF /* RMLocationViewViewModal.swift */,
				12A09E762C561139002E3BCF /* RMLocationTableViewCellViewModal.swift */,
			);
			path = ViewModal;
			sourceTree = "<group>";
		};
		12A09E712C560E67002E3BCF /* Views */ = {
			isa = PBXGroup;
			children = (
				12A09E722C560E73002E3BCF /* RMLocationView.swift */,
				12A09E782C561159002E3BCF /* RMLocationTableViewCell.swift */,
			);
			path = Views;
			sourceTree = "<group>";
		};
		12A09E7C2C562C04002E3BCF /* LocationDetail */ = {
			isa = PBXGroup;
			children = (
				12A09E822C562E0A002E3BCF /* ViewModals */,
				12A09E812C562E06002E3BCF /* Modals */,
				12A09E802C562E00002E3BCF /* Controllers */,
				12A09E7F2C562DFB002E3BCF /* Views */,
			);
			path = LocationDetail;
			sourceTree = "<group>";
		};
		12A09E7F2C562DFB002E3BCF /* Views */ = {
			isa = PBXGroup;
			children = (
				12A09E832C562E19002E3BCF /* RMLocationDetailView.swift */,
			);
			path = Views;
			sourceTree = "<group>";
		};
		12A09E802C562E00002E3BCF /* Controllers */ = {
			isa = PBXGroup;
			children = (
				12A09E7D2C562C19002E3BCF /* RMLocationDetailViewController.swift */,
			);
			path = Controllers;
			sourceTree = "<group>";
		};
		12A09E812C562E06002E3BCF /* Modals */ = {
			isa = PBXGroup;
			children = (
			);
			path = Modals;
			sourceTree = "<group>";
		};
		12A09E822C562E0A002E3BCF /* ViewModals */ = {
			isa = PBXGroup;
			children = (
				12A09E852C562EED002E3BCF /* RMLocationDetailViewViewModel.swift */,
			);
			path = ViewModals;
			sourceTree = "<group>";
		};
		12A09E872C56387A002E3BCF /* Others */ = {
			isa = PBXGroup;
			children = (
				12A09DFB2C4F95A0002E3BCF /* RMSearchConfig.swift */,
				12A09E962C565E3F002E3BCF /* RMSearchDynamicOptions.swift */,
			);
			path = Others;
			sourceTree = "<group>";
		};
		12A09E882C563881002E3BCF /* Views */ = {
			isa = PBXGroup;
			children = (
				12A09E892C56388D002E3BCF /* RMSearchView.swift */,
				12A09E8E2C563CC4002E3BCF /* RMNoSearchStateView.swift */,
				12A09E922C563D2F002E3BCF /* RMSearchInputView.swift */,
			);
			path = Views;
			sourceTree = "<group>";
		};
		12A09E8B2C56398B002E3BCF /* ViewModal */ = {
			isa = PBXGroup;
			children = (
				12A09E8C2C563991002E3BCF /* RMSearchViewViewModal.swift */,
				12A09E902C563CF9002E3BCF /* RMEmptySearchStateViewViewModal.swift */,
				12A09E942C563D4A002E3BCF /* RMSearchInputViewViewModal.swift */,
			);
			path = ViewModal;
			sourceTree = "<group>";
		};
		12A09E982C56713C002E3BCF /* SearchOptionPicker */ = {
			isa = PBXGroup;
			children = (
				12A09E992C56715B002E3BCF /* RMSearchOptionPickerViewController.swift */,
			);
			path = SearchOptionPicker;
			sourceTree = "<group>";
		};
/* End PBXGroup section */

/* Begin PBXNativeTarget section */
		1260649D2C42585A004E2B26 /* RickAndMorty */ = {
			isa = PBXNativeTarget;
			buildConfigurationList = 126064C82C425860004E2B26 /* Build configuration list for PBXNativeTarget "RickAndMorty" */;
			buildPhases = (
				1260649A2C42585A004E2B26 /* Sources */,
				1260649B2C42585A004E2B26 /* Frameworks */,
				1260649C2C42585A004E2B26 /* Resources */,
			);
			buildRules = (
			);
			dependencies = (
			);
			name = RickAndMorty;
			productName = RickAndMorty;
			productReference = 1260649E2C42585A004E2B26 /* RickAndMorty.app */;
			productType = "com.apple.product-type.application";
		};
		126064B32C425860004E2B26 /* RickAndMortyTests */ = {
			isa = PBXNativeTarget;
			buildConfigurationList = 126064CB2C425860004E2B26 /* Build configuration list for PBXNativeTarget "RickAndMortyTests" */;
			buildPhases = (
				126064B02C425860004E2B26 /* Sources */,
				126064B12C425860004E2B26 /* Frameworks */,
				126064B22C425860004E2B26 /* Resources */,
			);
			buildRules = (
			);
			dependencies = (
				126064B62C425860004E2B26 /* PBXTargetDependency */,
			);
			name = RickAndMortyTests;
			productName = RickAndMortyTests;
			productReference = 126064B42C425860004E2B26 /* RickAndMortyTests.xctest */;
			productType = "com.apple.product-type.bundle.unit-test";
		};
		126064BD2C425860004E2B26 /* RickAndMortyUITests */ = {
			isa = PBXNativeTarget;
			buildConfigurationList = 126064CE2C425860004E2B26 /* Build configuration list for PBXNativeTarget "RickAndMortyUITests" */;
			buildPhases = (
				126064BA2C425860004E2B26 /* Sources */,
				126064BB2C425860004E2B26 /* Frameworks */,
				126064BC2C425860004E2B26 /* Resources */,
			);
			buildRules = (
			);
			dependencies = (
				126064C02C425860004E2B26 /* PBXTargetDependency */,
			);
			name = RickAndMortyUITests;
			productName = RickAndMortyUITests;
			productReference = 126064BE2C425860004E2B26 /* RickAndMortyUITests.xctest */;
			productType = "com.apple.product-type.bundle.ui-testing";
		};
/* End PBXNativeTarget section */

/* Begin PBXProject section */
		126064962C42585A004E2B26 /* Project object */ = {
			isa = PBXProject;
			attributes = {
				BuildIndependentTargetsInParallel = 1;
				LastSwiftUpdateCheck = 1540;
				LastUpgradeCheck = 1540;
				TargetAttributes = {
					1260649D2C42585A004E2B26 = {
						CreatedOnToolsVersion = 15.4;
					};
					126064B32C425860004E2B26 = {
						CreatedOnToolsVersion = 15.4;
						TestTargetID = 1260649D2C42585A004E2B26;
					};
					126064BD2C425860004E2B26 = {
						CreatedOnToolsVersion = 15.4;
						TestTargetID = 1260649D2C42585A004E2B26;
					};
				};
			};
			buildConfigurationList = 126064992C42585A004E2B26 /* Build configuration list for PBXProject "RickAndMorty" */;
			compatibilityVersion = "Xcode 14.0";
			developmentRegion = en;
			hasScannedForEncodings = 0;
			knownRegions = (
				en,
				Base,
			);
			mainGroup = 126064952C42585A004E2B26;
			productRefGroup = 1260649F2C42585A004E2B26 /* Products */;
			projectDirPath = "";
			projectRoot = "";
			targets = (
				1260649D2C42585A004E2B26 /* RickAndMorty */,
				126064B32C425860004E2B26 /* RickAndMortyTests */,
				126064BD2C425860004E2B26 /* RickAndMortyUITests */,
			);
		};
/* End PBXProject section */

/* Begin PBXResourcesBuildPhase section */
		1260649C2C42585A004E2B26 /* Resources */ = {
			isa = PBXResourcesBuildPhase;
			buildActionMask = 2147483647;
			files = (
				126064AB2C42585C004E2B26 /* Assets.xcassets in Resources */,
				126064AE2C42585C004E2B26 /* Base in Resources */,
			);
			runOnlyForDeploymentPostprocessing = 0;
		};
		126064B22C425860004E2B26 /* Resources */ = {
			isa = PBXResourcesBuildPhase;
			buildActionMask = 2147483647;
			files = (
			);
			runOnlyForDeploymentPostprocessing = 0;
		};
		126064BC2C425860004E2B26 /* Resources */ = {
			isa = PBXResourcesBuildPhase;
			buildActionMask = 2147483647;
			files = (
			);
			runOnlyForDeploymentPostprocessing = 0;
		};
/* End PBXResourcesBuildPhase section */

/* Begin PBXSourcesBuildPhase section */
		1260649A2C42585A004E2B26 /* Sources */ = {
			isa = PBXSourcesBuildPhase;
			buildActionMask = 2147483647;
			files = (
				12A09DFC2C4F95A0002E3BCF /* RMSearchConfig.swift in Sources */,
				12A09E652C5519B9002E3BCF /* RMSettingsCellViewViewModal.swift in Sources */,
				126065002C44195F004E2B26 /* RMCharacterListViewViewModal.swift in Sources */,
				12A09DC02C4BF863002E3BCF /* RMCharacterInfoCollectionViewCell.swift in Sources */,
				12A09DB32C4A938C002E3BCF /* RMErrorToast.swift in Sources */,
				12A09E772C561139002E3BCF /* RMLocationTableViewCellViewModal.swift in Sources */,
				12A09DFA2C4F954F002E3BCF /* RMSearchViewController.swift in Sources */,
				12A09E632C551970002E3BCF /* RMSettingsViewViewModal.swift in Sources */,
				126064F02C42B718004E2B26 /* RMOrigin.swift in Sources */,
				12A09DE82C4E6102002E3BCF /* RMCharacterEpisodeCollectionViewCellViewModel.swift in Sources */,
				12A09E002C4FCB08002E3BCF /* RMEpisodeInfoCollectionViewCell.swift in Sources */,
				12A09E972C565E3F002E3BCF /* RMSearchDynamicOptions.swift in Sources */,
				126064F22C42B763004E2B26 /* RMSingleLocation.swift in Sources */,
				12A09DD92C4E4DD2002E3BCF /* RMEpisodeDetailViewViewModel.swift in Sources */,
				126064FD2C43E9C8004E2B26 /* RMGetAllCharactersResponseModal.swift in Sources */,
				126064F42C42B7BC004E2B26 /* RMCharacterStatus.swift in Sources */,
				12A09DDD2C4E5382002E3BCF /* RMEpisodeListViewViewModel.swift in Sources */,
				12A09E862C562EED002E3BCF /* RMLocationDetailViewViewModel.swift in Sources */,
				12A09DF62C4F91B9002E3BCF /* RMEpisodeDetailView.swift in Sources */,
				12A09E932C563D2F002E3BCF /* RMSearchInputView.swift in Sources */,
				126064F62C42B868004E2B26 /* RMCharacterGender.swift in Sources */,
				126064E62C425CDD004E2B26 /* RMLocationViewController.swift in Sources */,
				12A09DAC2C4A8C5C002E3BCF /* RMImageManager.swift in Sources */,
				126064A62C42585A004E2B26 /* RMTabViewController.swift in Sources */,
				12A09E9C2C56765F002E3BCF /* RMLocationType.swift in Sources */,
				12A09E842C562E19002E3BCF /* RMLocationDetailView.swift in Sources */,
				126064DE2C425BDE004E2B26 /* RMLocation.swift in Sources */,
				12A09DC82C4BF8FD002E3BCF /* RMCharacterEpisodesCollectionViewCellViewModel.swift in Sources */,
				12A09E8A2C56388D002E3BCF /* RMSearchView.swift in Sources */,
				126064A22C42585A004E2B26 /* AppDelegate.swift in Sources */,
				12A09DBE2C4BF85A002E3BCF /* RMCharacterPhotoCollectionViewCell.swift in Sources */,
				126064DA2C425BCE004E2B26 /* RMEpisode.swift in Sources */,
				12A09E752C561022002E3BCF /* RMLocationViewViewModal.swift in Sources */,
				12A09DD72C4E47B5002E3BCF /* RMAPICacheManager.swift in Sources */,
				1260650E2C4518D7004E2B26 /* RMCharacterDetailViewController.swift in Sources */,
				126064A42C42585A004E2B26 /* SceneDelegate.swift in Sources */,
				12A09DC22C4BF86C002E3BCF /* RMCharacterEpisodesCollectionViewCell.swift in Sources */,
				12A09E792C561159002E3BCF /* RMLocationTableViewCell.swift in Sources */,
				12A09E732C560E73002E3BCF /* RMLocationView.swift in Sources */,
				12A09DB52C4A93D3002E3BCF /* UIColor+Ext.swift in Sources */,
				12A09DFE2C4FCAC0002E3BCF /* RMEpisodeInfoCollectionViewCellViewModel.swift in Sources */,
				12A09DB12C4A9376002E3BCF /* RMSuccessToast.swift in Sources */,
				12A09DC62C4BF8F4002E3BCF /* RMCharacterInfoCollectionViewCellViewModel.swift in Sources */,
				126065052C4421EE004E2B26 /* UIView+Ext.swift in Sources */,
				12A09E6D2C551E52002E3BCF /* RMSettingsView.swift in Sources */,
				12A09E8F2C563CC4002E3BCF /* RMNoSearchStateView.swift in Sources */,
				12A09E8D2C563991002E3BCF /* RMSearchViewViewModal.swift in Sources */,
				12A09E9A2C56715B002E3BCF /* RMSearchOptionPickerViewController.swift in Sources */,
				12A09DAF2C4A8D83002E3BCF /* RMToastAdaptable.swift in Sources */,
				126065032C4419CA004E2B26 /* RMCharacterListView.swift in Sources */,
				12A09E7E2C562C1A002E3BCF /* RMLocationDetailViewController.swift in Sources */,
				12A09DDB2C4E4E4E002E3BCF /* RMEpisodeListView.swift in Sources */,
				12A09DE62C4E60AF002E3BCF /* RMGetAllEpisodesResponseModal.swift in Sources */,
				126064E82C425CE8004E2B26 /* RMSettingsViewController.swift in Sources */,
				126065152C451A33004E2B26 /* RMCharacterDetailViewViewModel.swift in Sources */,
				126064FA2C43E5AC004E2B26 /* RMServiceError.swift in Sources */,
				126064EE2C42A8B5004E2B26 /* RMEndPoint.swift in Sources */,
				126065112C45196E004E2B26 /* RMCharacterDetailView.swift in Sources */,
				126064EA2C42A7F1004E2B26 /* RMService.swift in Sources */,
				12A09DC42C4BF8E9002E3BCF /* RMCharacterPhotoCollectionViewCellViewModel.swift in Sources */,
				12A09DD12C4E25A7002E3BCF /* RMEpisodeDetailViewController.swift in Sources */,
				126064DC2C425BD7004E2B26 /* RMCharacter.swift in Sources */,
				12A09E7B2C561431002E3BCF /* RMGetAllLocationsResponseModal.swift in Sources */,
				126065072C443C0F004E2B26 /* RMCharacterCollectionViewCell.swift in Sources */,
				12A09E912C563CF9002E3BCF /* RMEmptySearchStateViewViewModal.swift in Sources */,
				12A09DEA2C4E9A3B002E3BCF /* RMCharacterEpisodeCollectionViewCell.swift in Sources */,
				126064E22C425CC7004E2B26 /* RMCharacterViewController.swift in Sources */,
				12A09DAA2C48DFA7002E3BCF /* RMFooterLoadingCollectionReusableView.swift in Sources */,
				126064EC2C42A801004E2B26 /* RMRequest.swift in Sources */,
				12A09E672C551A4F002E3BCF /* RMSettingsOptions.swift in Sources */,
				126065092C443EF9004E2B26 /* RMCharacterCollectionViewCellViewModel.swift in Sources */,
				12A09E952C563D4A002E3BCF /* RMSearchInputViewViewModal.swift in Sources */,
				126064E42C425CD2004E2B26 /* RMEpisodeViewController.swift in Sources */,
			);
			runOnlyForDeploymentPostprocessing = 0;
		};
		126064B02C425860004E2B26 /* Sources */ = {
			isa = PBXSourcesBuildPhase;
			buildActionMask = 2147483647;
			files = (
				126064B92C425860004E2B26 /* RickAndMortyTests.swift in Sources */,
			);
			runOnlyForDeploymentPostprocessing = 0;
		};
		126064BA2C425860004E2B26 /* Sources */ = {
			isa = PBXSourcesBuildPhase;
			buildActionMask = 2147483647;
			files = (
				126064C32C425860004E2B26 /* RickAndMortyUITests.swift in Sources */,
				126064C52C425860004E2B26 /* RickAndMortyUITestsLaunchTests.swift in Sources */,
			);
			runOnlyForDeploymentPostprocessing = 0;
		};
/* End PBXSourcesBuildPhase section */

/* Begin PBXTargetDependency section */
		126064B62C425860004E2B26 /* PBXTargetDependency */ = {
			isa = PBXTargetDependency;
			target = 1260649D2C42585A004E2B26 /* RickAndMorty */;
			targetProxy = 126064B52C425860004E2B26 /* PBXContainerItemProxy */;
		};
		126064C02C425860004E2B26 /* PBXTargetDependency */ = {
			isa = PBXTargetDependency;
			target = 1260649D2C42585A004E2B26 /* RickAndMorty */;
			targetProxy = 126064BF2C425860004E2B26 /* PBXContainerItemProxy */;
		};
/* End PBXTargetDependency section */

/* Begin PBXVariantGroup section */
		126064AC2C42585C004E2B26 /* LaunchScreen.storyboard */ = {
			isa = PBXVariantGroup;
			children = (
				126064AD2C42585C004E2B26 /* Base */,
			);
			name = LaunchScreen.storyboard;
			sourceTree = "<group>";
		};
/* End PBXVariantGroup section */

/* Begin XCBuildConfiguration section */
		126064C62C425860004E2B26 /* Debug */ = {
			isa = XCBuildConfiguration;
			buildSettings = {
				ALWAYS_SEARCH_USER_PATHS = NO;
				ASSETCATALOG_COMPILER_GENERATE_SWIFT_ASSET_SYMBOL_EXTENSIONS = YES;
				CLANG_ANALYZER_NONNULL = YES;
				CLANG_ANALYZER_NUMBER_OBJECT_CONVERSION = YES_AGGRESSIVE;
				CLANG_CXX_LANGUAGE_STANDARD = "gnu++20";
				CLANG_ENABLE_MODULES = YES;
				CLANG_ENABLE_OBJC_ARC = YES;
				CLANG_ENABLE_OBJC_WEAK = YES;
				CLANG_WARN_BLOCK_CAPTURE_AUTORELEASING = YES;
				CLANG_WARN_BOOL_CONVERSION = YES;
				CLANG_WARN_COMMA = YES;
				CLANG_WARN_CONSTANT_CONVERSION = YES;
				CLANG_WARN_DEPRECATED_OBJC_IMPLEMENTATIONS = YES;
				CLANG_WARN_DIRECT_OBJC_ISA_USAGE = YES_ERROR;
				CLANG_WARN_DOCUMENTATION_COMMENTS = YES;
				CLANG_WARN_EMPTY_BODY = YES;
				CLANG_WARN_ENUM_CONVERSION = YES;
				CLANG_WARN_INFINITE_RECURSION = YES;
				CLANG_WARN_INT_CONVERSION = YES;
				CLANG_WARN_NON_LITERAL_NULL_CONVERSION = YES;
				CLANG_WARN_OBJC_IMPLICIT_RETAIN_SELF = YES;
				CLANG_WARN_OBJC_LITERAL_CONVERSION = YES;
				CLANG_WARN_OBJC_ROOT_CLASS = YES_ERROR;
				CLANG_WARN_QUOTED_INCLUDE_IN_FRAMEWORK_HEADER = YES;
				CLANG_WARN_RANGE_LOOP_ANALYSIS = YES;
				CLANG_WARN_STRICT_PROTOTYPES = YES;
				CLANG_WARN_SUSPICIOUS_MOVE = YES;
				CLANG_WARN_UNGUARDED_AVAILABILITY = YES_AGGRESSIVE;
				CLANG_WARN_UNREACHABLE_CODE = YES;
				CLANG_WARN__DUPLICATE_METHOD_MATCH = YES;
				COPY_PHASE_STRIP = NO;
				DEBUG_INFORMATION_FORMAT = dwarf;
				ENABLE_STRICT_OBJC_MSGSEND = YES;
				ENABLE_TESTABILITY = YES;
				ENABLE_USER_SCRIPT_SANDBOXING = YES;
				GCC_C_LANGUAGE_STANDARD = gnu17;
				GCC_DYNAMIC_NO_PIC = NO;
				GCC_NO_COMMON_BLOCKS = YES;
				GCC_OPTIMIZATION_LEVEL = 0;
				GCC_PREPROCESSOR_DEFINITIONS = (
					"DEBUG=1",
					"$(inherited)",
				);
				GCC_WARN_64_TO_32_BIT_CONVERSION = YES;
				GCC_WARN_ABOUT_RETURN_TYPE = YES_ERROR;
				GCC_WARN_UNDECLARED_SELECTOR = YES;
				GCC_WARN_UNINITIALIZED_AUTOS = YES_AGGRESSIVE;
				GCC_WARN_UNUSED_FUNCTION = YES;
				GCC_WARN_UNUSED_VARIABLE = YES;
				IPHONEOS_DEPLOYMENT_TARGET = 17.5;
				LOCALIZATION_PREFERS_STRING_CATALOGS = YES;
				MTL_ENABLE_DEBUG_INFO = INCLUDE_SOURCE;
				MTL_FAST_MATH = YES;
				ONLY_ACTIVE_ARCH = YES;
				SDKROOT = iphoneos;
				SWIFT_ACTIVE_COMPILATION_CONDITIONS = "DEBUG $(inherited)";
				SWIFT_OPTIMIZATION_LEVEL = "-Onone";
			};
			name = Debug;
		};
		126064C72C425860004E2B26 /* Release */ = {
			isa = XCBuildConfiguration;
			buildSettings = {
				ALWAYS_SEARCH_USER_PATHS = NO;
				ASSETCATALOG_COMPILER_GENERATE_SWIFT_ASSET_SYMBOL_EXTENSIONS = YES;
				CLANG_ANALYZER_NONNULL = YES;
				CLANG_ANALYZER_NUMBER_OBJECT_CONVERSION = YES_AGGRESSIVE;
				CLANG_CXX_LANGUAGE_STANDARD = "gnu++20";
				CLANG_ENABLE_MODULES = YES;
				CLANG_ENABLE_OBJC_ARC = YES;
				CLANG_ENABLE_OBJC_WEAK = YES;
				CLANG_WARN_BLOCK_CAPTURE_AUTORELEASING = YES;
				CLANG_WARN_BOOL_CONVERSION = YES;
				CLANG_WARN_COMMA = YES;
				CLANG_WARN_CONSTANT_CONVERSION = YES;
				CLANG_WARN_DEPRECATED_OBJC_IMPLEMENTATIONS = YES;
				CLANG_WARN_DIRECT_OBJC_ISA_USAGE = YES_ERROR;
				CLANG_WARN_DOCUMENTATION_COMMENTS = YES;
				CLANG_WARN_EMPTY_BODY = YES;
				CLANG_WARN_ENUM_CONVERSION = YES;
				CLANG_WARN_INFINITE_RECURSION = YES;
				CLANG_WARN_INT_CONVERSION = YES;
				CLANG_WARN_NON_LITERAL_NULL_CONVERSION = YES;
				CLANG_WARN_OBJC_IMPLICIT_RETAIN_SELF = YES;
				CLANG_WARN_OBJC_LITERAL_CONVERSION = YES;
				CLANG_WARN_OBJC_ROOT_CLASS = YES_ERROR;
				CLANG_WARN_QUOTED_INCLUDE_IN_FRAMEWORK_HEADER = YES;
				CLANG_WARN_RANGE_LOOP_ANALYSIS = YES;
				CLANG_WARN_STRICT_PROTOTYPES = YES;
				CLANG_WARN_SUSPICIOUS_MOVE = YES;
				CLANG_WARN_UNGUARDED_AVAILABILITY = YES_AGGRESSIVE;
				CLANG_WARN_UNREACHABLE_CODE = YES;
				CLANG_WARN__DUPLICATE_METHOD_MATCH = YES;
				COPY_PHASE_STRIP = NO;
				DEBUG_INFORMATION_FORMAT = "dwarf-with-dsym";
				ENABLE_NS_ASSERTIONS = NO;
				ENABLE_STRICT_OBJC_MSGSEND = YES;
				ENABLE_USER_SCRIPT_SANDBOXING = YES;
				GCC_C_LANGUAGE_STANDARD = gnu17;
				GCC_NO_COMMON_BLOCKS = YES;
				GCC_WARN_64_TO_32_BIT_CONVERSION = YES;
				GCC_WARN_ABOUT_RETURN_TYPE = YES_ERROR;
				GCC_WARN_UNDECLARED_SELECTOR = YES;
				GCC_WARN_UNINITIALIZED_AUTOS = YES_AGGRESSIVE;
				GCC_WARN_UNUSED_FUNCTION = YES;
				GCC_WARN_UNUSED_VARIABLE = YES;
				IPHONEOS_DEPLOYMENT_TARGET = 17.5;
				LOCALIZATION_PREFERS_STRING_CATALOGS = YES;
				MTL_ENABLE_DEBUG_INFO = NO;
				MTL_FAST_MATH = YES;
				SDKROOT = iphoneos;
				SWIFT_COMPILATION_MODE = wholemodule;
				VALIDATE_PRODUCT = YES;
			};
			name = Release;
		};
		126064C92C425860004E2B26 /* Debug */ = {
			isa = XCBuildConfiguration;
			buildSettings = {
				ASSETCATALOG_COMPILER_APPICON_NAME = AppIcon;
				ASSETCATALOG_COMPILER_GLOBAL_ACCENT_COLOR_NAME = AccentColor;
				CODE_SIGN_STYLE = Automatic;
				CURRENT_PROJECT_VERSION = 1;
				GENERATE_INFOPLIST_FILE = YES;
				INFOPLIST_FILE = RickAndMorty/Info.plist;
				INFOPLIST_KEY_CFBundleDisplayName = "Rick & Morty";
				INFOPLIST_KEY_LSApplicationCategoryType = "public.app-category.education";
				INFOPLIST_KEY_UIApplicationSupportsIndirectInputEvents = YES;
				INFOPLIST_KEY_UILaunchStoryboardName = LaunchScreen;
				INFOPLIST_KEY_UISupportedInterfaceOrientations_iPad = "UIInterfaceOrientationPortrait UIInterfaceOrientationPortraitUpsideDown UIInterfaceOrientationLandscapeLeft UIInterfaceOrientationLandscapeRight";
				INFOPLIST_KEY_UISupportedInterfaceOrientations_iPhone = "UIInterfaceOrientationPortrait UIInterfaceOrientationLandscapeLeft UIInterfaceOrientationLandscapeRight";
				LD_RUNPATH_SEARCH_PATHS = (
					"$(inherited)",
					"@executable_path/Frameworks",
				);
				MARKETING_VERSION = 1.0;
				PRODUCT_BUNDLE_IDENTIFIER = com.janviarora.RickAndMorty;
				PRODUCT_NAME = "$(TARGET_NAME)";
				SWIFT_EMIT_LOC_STRINGS = YES;
				SWIFT_VERSION = 5.0;
				TARGETED_DEVICE_FAMILY = "1,2";
			};
			name = Debug;
		};
		126064CA2C425860004E2B26 /* Release */ = {
			isa = XCBuildConfiguration;
			buildSettings = {
				ASSETCATALOG_COMPILER_APPICON_NAME = AppIcon;
				ASSETCATALOG_COMPILER_GLOBAL_ACCENT_COLOR_NAME = AccentColor;
				CODE_SIGN_STYLE = Automatic;
				CURRENT_PROJECT_VERSION = 1;
				GENERATE_INFOPLIST_FILE = YES;
				INFOPLIST_FILE = RickAndMorty/Info.plist;
				INFOPLIST_KEY_CFBundleDisplayName = "Rick & Morty";
				INFOPLIST_KEY_LSApplicationCategoryType = "public.app-category.education";
				INFOPLIST_KEY_UIApplicationSupportsIndirectInputEvents = YES;
				INFOPLIST_KEY_UILaunchStoryboardName = LaunchScreen;
				INFOPLIST_KEY_UISupportedInterfaceOrientations_iPad = "UIInterfaceOrientationPortrait UIInterfaceOrientationPortraitUpsideDown UIInterfaceOrientationLandscapeLeft UIInterfaceOrientationLandscapeRight";
				INFOPLIST_KEY_UISupportedInterfaceOrientations_iPhone = "UIInterfaceOrientationPortrait UIInterfaceOrientationLandscapeLeft UIInterfaceOrientationLandscapeRight";
				LD_RUNPATH_SEARCH_PATHS = (
					"$(inherited)",
					"@executable_path/Frameworks",
				);
				MARKETING_VERSION = 1.0;
				PRODUCT_BUNDLE_IDENTIFIER = com.janviarora.RickAndMorty;
				PRODUCT_NAME = "$(TARGET_NAME)";
				SWIFT_EMIT_LOC_STRINGS = YES;
				SWIFT_VERSION = 5.0;
				TARGETED_DEVICE_FAMILY = "1,2";
			};
			name = Release;
		};
		126064CC2C425860004E2B26 /* Debug */ = {
			isa = XCBuildConfiguration;
			buildSettings = {
				ALWAYS_EMBED_SWIFT_STANDARD_LIBRARIES = YES;
				BUNDLE_LOADER = "$(TEST_HOST)";
				CODE_SIGN_STYLE = Automatic;
				CURRENT_PROJECT_VERSION = 1;
				GENERATE_INFOPLIST_FILE = YES;
				IPHONEOS_DEPLOYMENT_TARGET = 17.5;
				MARKETING_VERSION = 1.0;
				PRODUCT_BUNDLE_IDENTIFIER = com.janviarora.RickAndMortyTests;
				PRODUCT_NAME = "$(TARGET_NAME)";
				SWIFT_EMIT_LOC_STRINGS = NO;
				SWIFT_VERSION = 5.0;
				TARGETED_DEVICE_FAMILY = "1,2";
				TEST_HOST = "$(BUILT_PRODUCTS_DIR)/RickAndMorty.app/$(BUNDLE_EXECUTABLE_FOLDER_PATH)/RickAndMorty";
			};
			name = Debug;
		};
		126064CD2C425860004E2B26 /* Release */ = {
			isa = XCBuildConfiguration;
			buildSettings = {
				ALWAYS_EMBED_SWIFT_STANDARD_LIBRARIES = YES;
				BUNDLE_LOADER = "$(TEST_HOST)";
				CODE_SIGN_STYLE = Automatic;
				CURRENT_PROJECT_VERSION = 1;
				GENERATE_INFOPLIST_FILE = YES;
				IPHONEOS_DEPLOYMENT_TARGET = 17.5;
				MARKETING_VERSION = 1.0;
				PRODUCT_BUNDLE_IDENTIFIER = com.janviarora.RickAndMortyTests;
				PRODUCT_NAME = "$(TARGET_NAME)";
				SWIFT_EMIT_LOC_STRINGS = NO;
				SWIFT_VERSION = 5.0;
				TARGETED_DEVICE_FAMILY = "1,2";
				TEST_HOST = "$(BUILT_PRODUCTS_DIR)/RickAndMorty.app/$(BUNDLE_EXECUTABLE_FOLDER_PATH)/RickAndMorty";
			};
			name = Release;
		};
		126064CF2C425860004E2B26 /* Debug */ = {
			isa = XCBuildConfiguration;
			buildSettings = {
				ALWAYS_EMBED_SWIFT_STANDARD_LIBRARIES = YES;
				CODE_SIGN_STYLE = Automatic;
				CURRENT_PROJECT_VERSION = 1;
				GENERATE_INFOPLIST_FILE = YES;
				MARKETING_VERSION = 1.0;
				PRODUCT_BUNDLE_IDENTIFIER = com.janviarora.RickAndMortyUITests;
				PRODUCT_NAME = "$(TARGET_NAME)";
				SWIFT_EMIT_LOC_STRINGS = NO;
				SWIFT_VERSION = 5.0;
				TARGETED_DEVICE_FAMILY = "1,2";
				TEST_TARGET_NAME = RickAndMorty;
			};
			name = Debug;
		};
		126064D02C425860004E2B26 /* Release */ = {
			isa = XCBuildConfiguration;
			buildSettings = {
				ALWAYS_EMBED_SWIFT_STANDARD_LIBRARIES = YES;
				CODE_SIGN_STYLE = Automatic;
				CURRENT_PROJECT_VERSION = 1;
				GENERATE_INFOPLIST_FILE = YES;
				MARKETING_VERSION = 1.0;
				PRODUCT_BUNDLE_IDENTIFIER = com.janviarora.RickAndMortyUITests;
				PRODUCT_NAME = "$(TARGET_NAME)";
				SWIFT_EMIT_LOC_STRINGS = NO;
				SWIFT_VERSION = 5.0;
				TARGETED_DEVICE_FAMILY = "1,2";
				TEST_TARGET_NAME = RickAndMorty;
			};
			name = Release;
		};
/* End XCBuildConfiguration section */

/* Begin XCConfigurationList section */
		126064992C42585A004E2B26 /* Build configuration list for PBXProject "RickAndMorty" */ = {
			isa = XCConfigurationList;
			buildConfigurations = (
				126064C62C425860004E2B26 /* Debug */,
				126064C72C425860004E2B26 /* Release */,
			);
			defaultConfigurationIsVisible = 0;
			defaultConfigurationName = Release;
		};
		126064C82C425860004E2B26 /* Build configuration list for PBXNativeTarget "RickAndMorty" */ = {
			isa = XCConfigurationList;
			buildConfigurations = (
				126064C92C425860004E2B26 /* Debug */,
				126064CA2C425860004E2B26 /* Release */,
			);
			defaultConfigurationIsVisible = 0;
			defaultConfigurationName = Release;
		};
		126064CB2C425860004E2B26 /* Build configuration list for PBXNativeTarget "RickAndMortyTests" */ = {
			isa = XCConfigurationList;
			buildConfigurations = (
				126064CC2C425860004E2B26 /* Debug */,
				126064CD2C425860004E2B26 /* Release */,
			);
			defaultConfigurationIsVisible = 0;
			defaultConfigurationName = Release;
		};
		126064CE2C425860004E2B26 /* Build configuration list for PBXNativeTarget "RickAndMortyUITests" */ = {
			isa = XCConfigurationList;
			buildConfigurations = (
				126064CF2C425860004E2B26 /* Debug */,
				126064D02C425860004E2B26 /* Release */,
			);
			defaultConfigurationIsVisible = 0;
			defaultConfigurationName = Release;
		};
/* End XCConfigurationList section */
	};
	rootObject = 126064962C42585A004E2B26 /* Project object */;
}
