// !$*UTF8*$!
{
	archiveVersion = 1;
	classes = {
	};
	objectVersion = 56;
	objects = {

/* Begin PBXBuildFile section */
		126064A22C42585A004E2B26 /* AppDelegate.swift in Sources */ = {isa = PBXBuildFile; fileRef = 126064A12C42585A004E2B26 /* AppDelegate.swift */; };
		126064A42C42585A004E2B26 /* SceneDelegate.swift in Sources */ = {isa = PBXBuildFile; fileRef = 126064A32C42585A004E2B26 /* SceneDelegate.swift */; };
		126064A62C42585A004E2B26 /* RMTabViewController.swift in Sources */ = {isa = PBXBuildFile; fileRef = 126064A52C42585A004E2B26 /* RMTabViewController.swift */; };
		126064AB2C42585C004E2B26 /* Assets.xcassets in Resources */ = {isa = PBXBuildFile; fileRef = 126064AA2C42585C004E2B26 /* Assets.xcassets */; };
		126064AE2C42585C004E2B26 /* Base in Resources */ = {isa = PBXBuildFile; fileRef = 126064AD2C42585C004E2B26 /* Base */; };
		126064B92C425860004E2B26 /* RickAndMortyTests.swift in Sources */ = {isa = PBXBuildFile; fileRef = 126064B82C425860004E2B26 /* RickAndMortyTests.swift */; };
		126064C32C425860004E2B26 /* RickAndMortyUITests.swift in Sources */ = {isa = PBXBuildFile; fileRef = 126064C22C425860004E2B26 /* RickAndMortyUITests.swift */; };
		126064C52C425860004E2B26 /* RickAndMortyUITestsLaunchTests.swift in Sources */ = {isa = PBXBuildFile; fileRef = 126064C42C425860004E2B26 /* RickAndMortyUITestsLaunchTests.swift */; };
		126064DA2C425BCE004E2B26 /* RMEpisode.swift in Sources */ = {isa = PBXBuildFile; fileRef = 126064D92C425BCE004E2B26 /* RMEpisode.swift */; };
		126064DC2C425BD7004E2B26 /* RMCharacter.swift in Sources */ = {isa = PBXBuildFile; fileRef = 126064DB2C425BD7004E2B26 /* RMCharacter.swift */; };
		126064DE2C425BDE004E2B26 /* RMLocation.swift in Sources */ = {isa = PBXBuildFile; fileRef = 126064DD2C425BDE004E2B26 /* RMLocation.swift */; };
		126064E22C425CC7004E2B26 /* RMCharacterViewController.swift in Sources */ = {isa = PBXBuildFile; fileRef = 126064E12C425CC6004E2B26 /* RMCharacterViewController.swift */; };
		126064E42C425CD2004E2B26 /* RMEpisodeViewController.swift in Sources */ = {isa = PBXBuildFile; fileRef = 126064E32C425CD2004E2B26 /* RMEpisodeViewController.swift */; };
		126064E62C425CDD004E2B26 /* RMLocationViewController.swift in Sources */ = {isa = PBXBuildFile; fileRef = 126064E52C425CDD004E2B26 /* RMLocationViewController.swift */; };
		126064E82C425CE8004E2B26 /* RMSettingsViewController.swift in Sources */ = {isa = PBXBuildFile; fileRef = 126064E72C425CE8004E2B26 /* RMSettingsViewController.swift */; };
		126064EA2C42A7F1004E2B26 /* RMService.swift in Sources */ = {isa = PBXBuildFile; fileRef = 126064E92C42A7F1004E2B26 /* RMService.swift */; };
		126064EC2C42A801004E2B26 /* RMRequest.swift in Sources */ = {isa = PBXBuildFile; fileRef = 126064EB2C42A801004E2B26 /* RMRequest.swift */; };
		126064EE2C42A8B5004E2B26 /* RMEndPoint.swift in Sources */ = {isa = PBXBuildFile; fileRef = 126064ED2C42A8B5004E2B26 /* RMEndPoint.swift */; };
		126064F02C42B718004E2B26 /* RMOrigin.swift in Sources */ = {isa = PBXBuildFile; fileRef = 126064EF2C42B718004E2B26 /* RMOrigin.swift */; };
		126064F22C42B763004E2B26 /* RMSingleLocation.swift in Sources */ = {isa = PBXBuildFile; fileRef = 126064F12C42B763004E2B26 /* RMSingleLocation.swift */; };
		126064F42C42B7BC004E2B26 /* RMCharacterStatus.swift in Sources */ = {isa = PBXBuildFile; fileRef = 126064F32C42B7BC004E2B26 /* RMCharacterStatus.swift */; };
		126064F62C42B868004E2B26 /* RMCharacterGender.swift in Sources */ = {isa = PBXBuildFile; fileRef = 126064F52C42B868004E2B26 /* RMCharacterGender.swift */; };
		126064FA2C43E5AC004E2B26 /* RMServiceError.swift in Sources */ = {isa = PBXBuildFile; fileRef = 126064F92C43E5AC004E2B26 /* RMServiceError.swift */; };
		126064FD2C43E9C8004E2B26 /* RMGetAllCharactersResponseModal.swift in Sources */ = {isa = PBXBuildFile; fileRef = 126064FC2C43E9C8004E2B26 /* RMGetAllCharactersResponseModal.swift */; };
		126065002C44195F004E2B26 /* RMCharacterListViewViewModal.swift in Sources */ = {isa = PBXBuildFile; fileRef = 126064FF2C44195F004E2B26 /* RMCharacterListViewViewModal.swift */; };
		126065032C4419CA004E2B26 /* RMCharacterListView.swift in Sources */ = {isa = PBXBuildFile; fileRef = 126065022C4419CA004E2B26 /* RMCharacterListView.swift */; };
		126065052C4421EE004E2B26 /* UIView+Ext.swift in Sources */ = {isa = PBXBuildFile; fileRef = 126065042C4421EE004E2B26 /* UIView+Ext.swift */; };
		126065072C443C0F004E2B26 /* RMCharacterCollectionViewCell.swift in Sources */ = {isa = PBXBuildFile; fileRef = 126065062C443C0F004E2B26 /* RMCharacterCollectionViewCell.swift */; };
		126065092C443EF9004E2B26 /* RMCharacterCollectionViewCellViewModel.swift in Sources */ = {isa = PBXBuildFile; fileRef = 126065082C443EF9004E2B26 /* RMCharacterCollectionViewCellViewModel.swift */; };
/* End PBXBuildFile section */

/* Begin PBXContainerItemProxy section */
		126064B52C425860004E2B26 /* PBXContainerItemProxy */ = {
			isa = PBXContainerItemProxy;
			containerPortal = 126064962C42585A004E2B26 /* Project object */;
			proxyType = 1;
			remoteGlobalIDString = 1260649D2C42585A004E2B26;
			remoteInfo = RickAndMorty;
		};
		126064BF2C425860004E2B26 /* PBXContainerItemProxy */ = {
			isa = PBXContainerItemProxy;
			containerPortal = 126064962C42585A004E2B26 /* Project object */;
			proxyType = 1;
			remoteGlobalIDString = 1260649D2C42585A004E2B26;
			remoteInfo = RickAndMorty;
		};
/* End PBXContainerItemProxy section */

/* Begin PBXFileReference section */
		1260649E2C42585A004E2B26 /* RickAndMorty.app */ = {isa = PBXFileReference; explicitFileType = wrapper.application; includeInIndex = 0; path = RickAndMorty.app; sourceTree = BUILT_PRODUCTS_DIR; };
		126064A12C42585A004E2B26 /* AppDelegate.swift */ = {isa = PBXFileReference; lastKnownFileType = sourcecode.swift; path = AppDelegate.swift; sourceTree = "<group>"; };
		126064A32C42585A004E2B26 /* SceneDelegate.swift */ = {isa = PBXFileReference; lastKnownFileType = sourcecode.swift; path = SceneDelegate.swift; sourceTree = "<group>"; };
		126064A52C42585A004E2B26 /* RMTabViewController.swift */ = {isa = PBXFileReference; lastKnownFileType = sourcecode.swift; path = RMTabViewController.swift; sourceTree = "<group>"; };
		126064AA2C42585C004E2B26 /* Assets.xcassets */ = {isa = PBXFileReference; lastKnownFileType = folder.assetcatalog; path = Assets.xcassets; sourceTree = "<group>"; };
		126064AD2C42585C004E2B26 /* Base */ = {isa = PBXFileReference; lastKnownFileType = file.storyboard; name = Base; path = Base.lproj/LaunchScreen.storyboard; sourceTree = "<group>"; };
		126064AF2C42585C004E2B26 /* Info.plist */ = {isa = PBXFileReference; lastKnownFileType = text.plist.xml; path = Info.plist; sourceTree = "<group>"; };
		126064B42C425860004E2B26 /* RickAndMortyTests.xctest */ = {isa = PBXFileReference; explicitFileType = wrapper.cfbundle; includeInIndex = 0; path = RickAndMortyTests.xctest; sourceTree = BUILT_PRODUCTS_DIR; };
		126064B82C425860004E2B26 /* RickAndMortyTests.swift */ = {isa = PBXFileReference; lastKnownFileType = sourcecode.swift; path = RickAndMortyTests.swift; sourceTree = "<group>"; };
		126064BE2C425860004E2B26 /* RickAndMortyUITests.xctest */ = {isa = PBXFileReference; explicitFileType = wrapper.cfbundle; includeInIndex = 0; path = RickAndMortyUITests.xctest; sourceTree = BUILT_PRODUCTS_DIR; };
		126064C22C425860004E2B26 /* RickAndMortyUITests.swift */ = {isa = PBXFileReference; lastKnownFileType = sourcecode.swift; path = RickAndMortyUITests.swift; sourceTree = "<group>"; };
		126064C42C425860004E2B26 /* RickAndMortyUITestsLaunchTests.swift */ = {isa = PBXFileReference; lastKnownFileType = sourcecode.swift; path = RickAndMortyUITestsLaunchTests.swift; sourceTree = "<group>"; };
		126064D92C425BCE004E2B26 /* RMEpisode.swift */ = {isa = PBXFileReference; lastKnownFileType = sourcecode.swift; path = RMEpisode.swift; sourceTree = "<group>"; };
		126064DB2C425BD7004E2B26 /* RMCharacter.swift */ = {isa = PBXFileReference; lastKnownFileType = sourcecode.swift; path = RMCharacter.swift; sourceTree = "<group>"; };
		126064DD2C425BDE004E2B26 /* RMLocation.swift */ = {isa = PBXFileReference; lastKnownFileType = sourcecode.swift; path = RMLocation.swift; sourceTree = "<group>"; };
		126064E12C425CC6004E2B26 /* RMCharacterViewController.swift */ = {isa = PBXFileReference; lastKnownFileType = sourcecode.swift; path = RMCharacterViewController.swift; sourceTree = "<group>"; };
		126064E32C425CD2004E2B26 /* RMEpisodeViewController.swift */ = {isa = PBXFileReference; lastKnownFileType = sourcecode.swift; path = RMEpisodeViewController.swift; sourceTree = "<group>"; };
		126064E52C425CDD004E2B26 /* RMLocationViewController.swift */ = {isa = PBXFileReference; lastKnownFileType = sourcecode.swift; path = RMLocationViewController.swift; sourceTree = "<group>"; };
		126064E72C425CE8004E2B26 /* RMSettingsViewController.swift */ = {isa = PBXFileReference; lastKnownFileType = sourcecode.swift; path = RMSettingsViewController.swift; sourceTree = "<group>"; };
		126064E92C42A7F1004E2B26 /* RMService.swift */ = {isa = PBXFileReference; lastKnownFileType = sourcecode.swift; path = RMService.swift; sourceTree = "<group>"; };
		126064EB2C42A801004E2B26 /* RMRequest.swift */ = {isa = PBXFileReference; lastKnownFileType = sourcecode.swift; path = RMRequest.swift; sourceTree = "<group>"; };
		126064ED2C42A8B5004E2B26 /* RMEndPoint.swift */ = {isa = PBXFileReference; lastKnownFileType = sourcecode.swift; path = RMEndPoint.swift; sourceTree = "<group>"; };
		126064EF2C42B718004E2B26 /* RMOrigin.swift */ = {isa = PBXFileReference; lastKnownFileType = sourcecode.swift; path = RMOrigin.swift; sourceTree = "<group>"; };
		126064F12C42B763004E2B26 /* RMSingleLocation.swift */ = {isa = PBXFileReference; lastKnownFileType = sourcecode.swift; path = RMSingleLocation.swift; sourceTree = "<group>"; };
		126064F32C42B7BC004E2B26 /* RMCharacterStatus.swift */ = {isa = PBXFileReference; lastKnownFileType = sourcecode.swift; path = RMCharacterStatus.swift; sourceTree = "<group>"; };
		126064F52C42B868004E2B26 /* RMCharacterGender.swift */ = {isa = PBXFileReference; lastKnownFileType = sourcecode.swift; path = RMCharacterGender.swift; sourceTree = "<group>"; };
		126064F92C43E5AC004E2B26 /* RMServiceError.swift */ = {isa = PBXFileReference; lastKnownFileType = sourcecode.swift; path = RMServiceError.swift; sourceTree = "<group>"; };
		126064FC2C43E9C8004E2B26 /* RMGetAllCharactersResponseModal.swift */ = {isa = PBXFileReference; lastKnownFileType = sourcecode.swift; path = RMGetAllCharactersResponseModal.swift; sourceTree = "<group>"; };
		126064FF2C44195F004E2B26 /* RMCharacterListViewViewModal.swift */ = {isa = PBXFileReference; lastKnownFileType = sourcecode.swift; path = RMCharacterListViewViewModal.swift; sourceTree = "<group>"; };
		126065022C4419CA004E2B26 /* RMCharacterListView.swift */ = {isa = PBXFileReference; lastKnownFileType = sourcecode.swift; path = RMCharacterListView.swift; sourceTree = "<group>"; };
		126065042C4421EE004E2B26 /* UIView+Ext.swift */ = {isa = PBXFileReference; lastKnownFileType = sourcecode.swift; path = "UIView+Ext.swift"; sourceTree = "<group>"; };
		126065062C443C0F004E2B26 /* RMCharacterCollectionViewCell.swift */ = {isa = PBXFileReference; lastKnownFileType = sourcecode.swift; path = RMCharacterCollectionViewCell.swift; sourceTree = "<group>"; };
		126065082C443EF9004E2B26 /* RMCharacterCollectionViewCellViewModel.swift */ = {isa = PBXFileReference; lastKnownFileType = sourcecode.swift; path = RMCharacterCollectionViewCellViewModel.swift; sourceTree = "<group>"; };
/* End PBXFileReference section */

/* Begin PBXFrameworksBuildPhase section */
		1260649B2C42585A004E2B26 /* Frameworks */ = {
			isa = PBXFrameworksBuildPhase;
			buildActionMask = 2147483647;
			files = (
			);
			runOnlyForDeploymentPostprocessing = 0;
		};
		126064B12C425860004E2B26 /* Frameworks */ = {
			isa = PBXFrameworksBuildPhase;
			buildActionMask = 2147483647;
			files = (
			);
			runOnlyForDeploymentPostprocessing = 0;
		};
		126064BB2C425860004E2B26 /* Frameworks */ = {
			isa = PBXFrameworksBuildPhase;
			buildActionMask = 2147483647;
			files = (
			);
			runOnlyForDeploymentPostprocessing = 0;
		};
/* End PBXFrameworksBuildPhase section */

/* Begin PBXGroup section */
		126064952C42585A004E2B26 = {
			isa = PBXGroup;
			children = (
				126064D42C425B20004E2B26 /* Resources */,
				126064D22C425B07004E2B26 /* APIClient */,
				126064FB2C43E98C004E2B26 /* APIResponseTypes */,
				126064D12C425B01004E2B26 /* Managers */,
				126064D52C425B5A004E2B26 /* Extensions */,
				126065012C4419BB004E2B26 /* Views */,
				126064A02C42585A004E2B26 /* RickAndMorty */,
				126064B72C425860004E2B26 /* RickAndMortyTests */,
				126064C12C425860004E2B26 /* RickAndMortyUITests */,
				1260649F2C42585A004E2B26 /* Products */,
			);
			sourceTree = "<group>";
		};
		1260649F2C42585A004E2B26 /* Products */ = {
			isa = PBXGroup;
			children = (
				1260649E2C42585A004E2B26 /* RickAndMorty.app */,
				126064B42C425860004E2B26 /* RickAndMortyTests.xctest */,
				126064BE2C425860004E2B26 /* RickAndMortyUITests.xctest */,
			);
			name = Products;
			sourceTree = "<group>";
		};
		126064A02C42585A004E2B26 /* RickAndMorty */ = {
			isa = PBXGroup;
			children = (
				126064DF2C425C0A004E2B26 /* TabBar */,
				126064D62C425BB6004E2B26 /* Location */,
				126064D72C425BBE004E2B26 /* Character */,
				126064D82C425BC4004E2B26 /* Episode */,
				126064E02C425CA6004E2B26 /* Settings */,
				126064AF2C42585C004E2B26 /* Info.plist */,
			);
			path = RickAndMorty;
			sourceTree = "<group>";
		};
		126064B72C425860004E2B26 /* RickAndMortyTests */ = {
			isa = PBXGroup;
			children = (
				126064B82C425860004E2B26 /* RickAndMortyTests.swift */,
			);
			path = RickAndMortyTests;
			sourceTree = "<group>";
		};
		126064C12C425860004E2B26 /* RickAndMortyUITests */ = {
			isa = PBXGroup;
			children = (
				126064C22C425860004E2B26 /* RickAndMortyUITests.swift */,
				126064C42C425860004E2B26 /* RickAndMortyUITestsLaunchTests.swift */,
			);
			path = RickAndMortyUITests;
			sourceTree = "<group>";
		};
		126064D12C425B01004E2B26 /* Managers */ = {
			isa = PBXGroup;
			children = (
			);
			path = Managers;
			sourceTree = "<group>";
		};
		126064D22C425B07004E2B26 /* APIClient */ = {
			isa = PBXGroup;
			children = (
				126064E92C42A7F1004E2B26 /* RMService.swift */,
				126064EB2C42A801004E2B26 /* RMRequest.swift */,
				126064F92C43E5AC004E2B26 /* RMServiceError.swift */,
				126064ED2C42A8B5004E2B26 /* RMEndPoint.swift */,
			);
			path = APIClient;
			sourceTree = "<group>";
		};
		126064D42C425B20004E2B26 /* Resources */ = {
			isa = PBXGroup;
			children = (
				126064A12C42585A004E2B26 /* AppDelegate.swift */,
				126064A32C42585A004E2B26 /* SceneDelegate.swift */,
				126064AA2C42585C004E2B26 /* Assets.xcassets */,
				126064AC2C42585C004E2B26 /* LaunchScreen.storyboard */,
			);
			path = Resources;
			sourceTree = "<group>";
		};
		126064D52C425B5A004E2B26 /* Extensions */ = {
			isa = PBXGroup;
			children = (
				126065042C4421EE004E2B26 /* UIView+Ext.swift */,
			);
			path = Extensions;
			sourceTree = "<group>";
		};
		126064D62C425BB6004E2B26 /* Location */ = {
			isa = PBXGroup;
			children = (
				126064DD2C425BDE004E2B26 /* RMLocation.swift */,
				126064E52C425CDD004E2B26 /* RMLocationViewController.swift */,
			);
			path = Location;
			sourceTree = "<group>";
		};
		126064D72C425BBE004E2B26 /* Character */ = {
			isa = PBXGroup;
			children = (
				126064FE2C44193B004E2B26 /* ViewModal */,
				126064F82C42B8DA004E2B26 /* Controller */,
				126064F72C42B8B8004E2B26 /* Modals */,
			);
			path = Character;
			sourceTree = "<group>";
		};
		126064D82C425BC4004E2B26 /* Episode */ = {
			isa = PBXGroup;
			children = (
				126064D92C425BCE004E2B26 /* RMEpisode.swift */,
				126064E32C425CD2004E2B26 /* RMEpisodeViewController.swift */,
			);
			path = Episode;
			sourceTree = "<group>";
		};
		126064DF2C425C0A004E2B26 /* TabBar */ = {
			isa = PBXGroup;
			children = (
				126064A52C42585A004E2B26 /* RMTabViewController.swift */,
			);
			path = TabBar;
			sourceTree = "<group>";
		};
		126064E02C425CA6004E2B26 /* Settings */ = {
			isa = PBXGroup;
			children = (
				126064E72C425CE8004E2B26 /* RMSettingsViewController.swift */,
			);
			path = Settings;
			sourceTree = "<group>";
		};
		126064F72C42B8B8004E2B26 /* Modals */ = {
			isa = PBXGroup;
			children = (
				126064DB2C425BD7004E2B26 /* RMCharacter.swift */,
				126064F32C42B7BC004E2B26 /* RMCharacterStatus.swift */,
				126064F52C42B868004E2B26 /* RMCharacterGender.swift */,
				126064F12C42B763004E2B26 /* RMSingleLocation.swift */,
				126064EF2C42B718004E2B26 /* RMOrigin.swift */,
			);
			path = Modals;
			sourceTree = "<group>";
		};
		126064F82C42B8DA004E2B26 /* Controller */ = {
			isa = PBXGroup;
			children = (
				126064E12C425CC6004E2B26 /* RMCharacterViewController.swift */,
			);
			path = Controller;
			sourceTree = "<group>";
		};
		126064FB2C43E98C004E2B26 /* APIResponseTypes */ = {
			isa = PBXGroup;
			children = (
				126064FC2C43E9C8004E2B26 /* RMGetAllCharactersResponseModal.swift */,
			);
			path = APIResponseTypes;
			sourceTree = "<group>";
		};
		126064FE2C44193B004E2B26 /* ViewModal */ = {
			isa = PBXGroup;
			children = (
			);
			path = ViewModal;
			sourceTree = "<group>";
		};
		126065012C4419BB004E2B26 /* Views */ = {
			isa = PBXGroup;
			children = (
				126065022C4419CA004E2B26 /* RMCharacterListView.swift */,
				126064FF2C44195F004E2B26 /* RMCharacterListViewViewModal.swift */,
				126065062C443C0F004E2B26 /* RMCharacterCollectionViewCell.swift */,
				126065082C443EF9004E2B26 /* RMCharacterCollectionViewCellViewModel.swift */,
			);
			path = Views;
			sourceTree = "<group>";
		};
/* End PBXGroup section */

/* Begin PBXNativeTarget section */
		1260649D2C42585A004E2B26 /* RickAndMorty */ = {
			isa = PBXNativeTarget;
			buildConfigurationList = 126064C82C425860004E2B26 /* Build configuration list for PBXNativeTarget "RickAndMorty" */;
			buildPhases = (
				1260649A2C42585A004E2B26 /* Sources */,
				1260649B2C42585A004E2B26 /* Frameworks */,
				1260649C2C42585A004E2B26 /* Resources */,
			);
			buildRules = (
			);
			dependencies = (
			);
			name = RickAndMorty;
			productName = RickAndMorty;
			productReference = 1260649E2C42585A004E2B26 /* RickAndMorty.app */;
			productType = "com.apple.product-type.application";
		};
		126064B32C425860004E2B26 /* RickAndMortyTests */ = {
			isa = PBXNativeTarget;
			buildConfigurationList = 126064CB2C425860004E2B26 /* Build configuration list for PBXNativeTarget "RickAndMortyTests" */;
			buildPhases = (
				126064B02C425860004E2B26 /* Sources */,
				126064B12C425860004E2B26 /* Frameworks */,
				126064B22C425860004E2B26 /* Resources */,
			);
			buildRules = (
			);
			dependencies = (
				126064B62C425860004E2B26 /* PBXTargetDependency */,
			);
			name = RickAndMortyTests;
			productName = RickAndMortyTests;
			productReference = 126064B42C425860004E2B26 /* RickAndMortyTests.xctest */;
			productType = "com.apple.product-type.bundle.unit-test";
		};
		126064BD2C425860004E2B26 /* RickAndMortyUITests */ = {
			isa = PBXNativeTarget;
			buildConfigurationList = 126064CE2C425860004E2B26 /* Build configuration list for PBXNativeTarget "RickAndMortyUITests" */;
			buildPhases = (
				126064BA2C425860004E2B26 /* Sources */,
				126064BB2C425860004E2B26 /* Frameworks */,
				126064BC2C425860004E2B26 /* Resources */,
			);
			buildRules = (
			);
			dependencies = (
				126064C02C425860004E2B26 /* PBXTargetDependency */,
			);
			name = RickAndMortyUITests;
			productName = RickAndMortyUITests;
			productReference = 126064BE2C425860004E2B26 /* RickAndMortyUITests.xctest */;
			productType = "com.apple.product-type.bundle.ui-testing";
		};
/* End PBXNativeTarget section */

/* Begin PBXProject section */
		126064962C42585A004E2B26 /* Project object */ = {
			isa = PBXProject;
			attributes = {
				BuildIndependentTargetsInParallel = 1;
				LastSwiftUpdateCheck = 1540;
				LastUpgradeCheck = 1540;
				TargetAttributes = {
					1260649D2C42585A004E2B26 = {
						CreatedOnToolsVersion = 15.4;
					};
					126064B32C425860004E2B26 = {
						CreatedOnToolsVersion = 15.4;
						TestTargetID = 1260649D2C42585A004E2B26;
					};
					126064BD2C425860004E2B26 = {
						CreatedOnToolsVersion = 15.4;
						TestTargetID = 1260649D2C42585A004E2B26;
					};
				};
			};
			buildConfigurationList = 126064992C42585A004E2B26 /* Build configuration list for PBXProject "RickAndMorty" */;
			compatibilityVersion = "Xcode 14.0";
			developmentRegion = en;
			hasScannedForEncodings = 0;
			knownRegions = (
				en,
				Base,
			);
			mainGroup = 126064952C42585A004E2B26;
			productRefGroup = 1260649F2C42585A004E2B26 /* Products */;
			projectDirPath = "";
			projectRoot = "";
			targets = (
				1260649D2C42585A004E2B26 /* RickAndMorty */,
				126064B32C425860004E2B26 /* RickAndMortyTests */,
				126064BD2C425860004E2B26 /* RickAndMortyUITests */,
			);
		};
/* End PBXProject section */

/* Begin PBXResourcesBuildPhase section */
		1260649C2C42585A004E2B26 /* Resources */ = {
			isa = PBXResourcesBuildPhase;
			buildActionMask = 2147483647;
			files = (
				126064AB2C42585C004E2B26 /* Assets.xcassets in Resources */,
				126064AE2C42585C004E2B26 /* Base in Resources */,
			);
			runOnlyForDeploymentPostprocessing = 0;
		};
		126064B22C425860004E2B26 /* Resources */ = {
			isa = PBXResourcesBuildPhase;
			buildActionMask = 2147483647;
			files = (
			);
			runOnlyForDeploymentPostprocessing = 0;
		};
		126064BC2C425860004E2B26 /* Resources */ = {
			isa = PBXResourcesBuildPhase;
			buildActionMask = 2147483647;
			files = (
			);
			runOnlyForDeploymentPostprocessing = 0;
		};
/* End PBXResourcesBuildPhase section */

/* Begin PBXSourcesBuildPhase section */
		1260649A2C42585A004E2B26 /* Sources */ = {
			isa = PBXSourcesBuildPhase;
			buildActionMask = 2147483647;
			files = (
				126065002C44195F004E2B26 /* RMCharacterListViewViewModal.swift in Sources */,
				126064F02C42B718004E2B26 /* RMOrigin.swift in Sources */,
				126064F22C42B763004E2B26 /* RMSingleLocation.swift in Sources */,
				126064FD2C43E9C8004E2B26 /* RMGetAllCharactersResponseModal.swift in Sources */,
				126064F42C42B7BC004E2B26 /* RMCharacterStatus.swift in Sources */,
				126064F62C42B868004E2B26 /* RMCharacterGender.swift in Sources */,
				126064E62C425CDD004E2B26 /* RMLocationViewController.swift in Sources */,
				126064A62C42585A004E2B26 /* RMTabViewController.swift in Sources */,
				126064DE2C425BDE004E2B26 /* RMLocation.swift in Sources */,
				126064A22C42585A004E2B26 /* AppDelegate.swift in Sources */,
				126064DA2C425BCE004E2B26 /* RMEpisode.swift in Sources */,
				126064A42C42585A004E2B26 /* SceneDelegate.swift in Sources */,
				126065052C4421EE004E2B26 /* UIView+Ext.swift in Sources */,
				126065032C4419CA004E2B26 /* RMCharacterListView.swift in Sources */,
				126064E82C425CE8004E2B26 /* RMSettingsViewController.swift in Sources */,
				126064FA2C43E5AC004E2B26 /* RMServiceError.swift in Sources */,
				126064EE2C42A8B5004E2B26 /* RMEndPoint.swift in Sources */,
				126064EA2C42A7F1004E2B26 /* RMService.swift in Sources */,
				126064DC2C425BD7004E2B26 /* RMCharacter.swift in Sources */,
				126065072C443C0F004E2B26 /* RMCharacterCollectionViewCell.swift in Sources */,
				126064E22C425CC7004E2B26 /* RMCharacterViewController.swift in Sources */,
				126064EC2C42A801004E2B26 /* RMRequest.swift in Sources */,
				126065092C443EF9004E2B26 /* RMCharacterCollectionViewCellViewModel.swift in Sources */,
				126064E42C425CD2004E2B26 /* RMEpisodeViewController.swift in Sources */,
			);
			runOnlyForDeploymentPostprocessing = 0;
		};
		126064B02C425860004E2B26 /* Sources */ = {
			isa = PBXSourcesBuildPhase;
			buildActionMask = 2147483647;
			files = (
				126064B92C425860004E2B26 /* RickAndMortyTests.swift in Sources */,
			);
			runOnlyForDeploymentPostprocessing = 0;
		};
		126064BA2C425860004E2B26 /* Sources */ = {
			isa = PBXSourcesBuildPhase;
			buildActionMask = 2147483647;
			files = (
				126064C32C425860004E2B26 /* RickAndMortyUITests.swift in Sources */,
				126064C52C425860004E2B26 /* RickAndMortyUITestsLaunchTests.swift in Sources */,
			);
			runOnlyForDeploymentPostprocessing = 0;
		};
/* End PBXSourcesBuildPhase section */

/* Begin PBXTargetDependency section */
		126064B62C425860004E2B26 /* PBXTargetDependency */ = {
			isa = PBXTargetDependency;
			target = 1260649D2C42585A004E2B26 /* RickAndMorty */;
			targetProxy = 126064B52C425860004E2B26 /* PBXContainerItemProxy */;
		};
		126064C02C425860004E2B26 /* PBXTargetDependency */ = {
			isa = PBXTargetDependency;
			target = 1260649D2C42585A004E2B26 /* RickAndMorty */;
			targetProxy = 126064BF2C425860004E2B26 /* PBXContainerItemProxy */;
		};
/* End PBXTargetDependency section */

/* Begin PBXVariantGroup section */
		126064AC2C42585C004E2B26 /* LaunchScreen.storyboard */ = {
			isa = PBXVariantGroup;
			children = (
				126064AD2C42585C004E2B26 /* Base */,
			);
			name = LaunchScreen.storyboard;
			sourceTree = "<group>";
		};
/* End PBXVariantGroup section */

/* Begin XCBuildConfiguration section */
		126064C62C425860004E2B26 /* Debug */ = {
			isa = XCBuildConfiguration;
			buildSettings = {
				ALWAYS_SEARCH_USER_PATHS = NO;
				ASSETCATALOG_COMPILER_GENERATE_SWIFT_ASSET_SYMBOL_EXTENSIONS = YES;
				CLANG_ANALYZER_NONNULL = YES;
				CLANG_ANALYZER_NUMBER_OBJECT_CONVERSION = YES_AGGRESSIVE;
				CLANG_CXX_LANGUAGE_STANDARD = "gnu++20";
				CLANG_ENABLE_MODULES = YES;
				CLANG_ENABLE_OBJC_ARC = YES;
				CLANG_ENABLE_OBJC_WEAK = YES;
				CLANG_WARN_BLOCK_CAPTURE_AUTORELEASING = YES;
				CLANG_WARN_BOOL_CONVERSION = YES;
				CLANG_WARN_COMMA = YES;
				CLANG_WARN_CONSTANT_CONVERSION = YES;
				CLANG_WARN_DEPRECATED_OBJC_IMPLEMENTATIONS = YES;
				CLANG_WARN_DIRECT_OBJC_ISA_USAGE = YES_ERROR;
				CLANG_WARN_DOCUMENTATION_COMMENTS = YES;
				CLANG_WARN_EMPTY_BODY = YES;
				CLANG_WARN_ENUM_CONVERSION = YES;
				CLANG_WARN_INFINITE_RECURSION = YES;
				CLANG_WARN_INT_CONVERSION = YES;
				CLANG_WARN_NON_LITERAL_NULL_CONVERSION = YES;
				CLANG_WARN_OBJC_IMPLICIT_RETAIN_SELF = YES;
				CLANG_WARN_OBJC_LITERAL_CONVERSION = YES;
				CLANG_WARN_OBJC_ROOT_CLASS = YES_ERROR;
				CLANG_WARN_QUOTED_INCLUDE_IN_FRAMEWORK_HEADER = YES;
				CLANG_WARN_RANGE_LOOP_ANALYSIS = YES;
				CLANG_WARN_STRICT_PROTOTYPES = YES;
				CLANG_WARN_SUSPICIOUS_MOVE = YES;
				CLANG_WARN_UNGUARDED_AVAILABILITY = YES_AGGRESSIVE;
				CLANG_WARN_UNREACHABLE_CODE = YES;
				CLANG_WARN__DUPLICATE_METHOD_MATCH = YES;
				COPY_PHASE_STRIP = NO;
				DEBUG_INFORMATION_FORMAT = dwarf;
				ENABLE_STRICT_OBJC_MSGSEND = YES;
				ENABLE_TESTABILITY = YES;
				ENABLE_USER_SCRIPT_SANDBOXING = YES;
				GCC_C_LANGUAGE_STANDARD = gnu17;
				GCC_DYNAMIC_NO_PIC = NO;
				GCC_NO_COMMON_BLOCKS = YES;
				GCC_OPTIMIZATION_LEVEL = 0;
				GCC_PREPROCESSOR_DEFINITIONS = (
					"DEBUG=1",
					"$(inherited)",
				);
				GCC_WARN_64_TO_32_BIT_CONVERSION = YES;
				GCC_WARN_ABOUT_RETURN_TYPE = YES_ERROR;
				GCC_WARN_UNDECLARED_SELECTOR = YES;
				GCC_WARN_UNINITIALIZED_AUTOS = YES_AGGRESSIVE;
				GCC_WARN_UNUSED_FUNCTION = YES;
				GCC_WARN_UNUSED_VARIABLE = YES;
				IPHONEOS_DEPLOYMENT_TARGET = 17.5;
				LOCALIZATION_PREFERS_STRING_CATALOGS = YES;
				MTL_ENABLE_DEBUG_INFO = INCLUDE_SOURCE;
				MTL_FAST_MATH = YES;
				ONLY_ACTIVE_ARCH = YES;
				SDKROOT = iphoneos;
				SWIFT_ACTIVE_COMPILATION_CONDITIONS = "DEBUG $(inherited)";
				SWIFT_OPTIMIZATION_LEVEL = "-Onone";
			};
			name = Debug;
		};
		126064C72C425860004E2B26 /* Release */ = {
			isa = XCBuildConfiguration;
			buildSettings = {
				ALWAYS_SEARCH_USER_PATHS = NO;
				ASSETCATALOG_COMPILER_GENERATE_SWIFT_ASSET_SYMBOL_EXTENSIONS = YES;
				CLANG_ANALYZER_NONNULL = YES;
				CLANG_ANALYZER_NUMBER_OBJECT_CONVERSION = YES_AGGRESSIVE;
				CLANG_CXX_LANGUAGE_STANDARD = "gnu++20";
				CLANG_ENABLE_MODULES = YES;
				CLANG_ENABLE_OBJC_ARC = YES;
				CLANG_ENABLE_OBJC_WEAK = YES;
				CLANG_WARN_BLOCK_CAPTURE_AUTORELEASING = YES;
				CLANG_WARN_BOOL_CONVERSION = YES;
				CLANG_WARN_COMMA = YES;
				CLANG_WARN_CONSTANT_CONVERSION = YES;
				CLANG_WARN_DEPRECATED_OBJC_IMPLEMENTATIONS = YES;
				CLANG_WARN_DIRECT_OBJC_ISA_USAGE = YES_ERROR;
				CLANG_WARN_DOCUMENTATION_COMMENTS = YES;
				CLANG_WARN_EMPTY_BODY = YES;
				CLANG_WARN_ENUM_CONVERSION = YES;
				CLANG_WARN_INFINITE_RECURSION = YES;
				CLANG_WARN_INT_CONVERSION = YES;
				CLANG_WARN_NON_LITERAL_NULL_CONVERSION = YES;
				CLANG_WARN_OBJC_IMPLICIT_RETAIN_SELF = YES;
				CLANG_WARN_OBJC_LITERAL_CONVERSION = YES;
				CLANG_WARN_OBJC_ROOT_CLASS = YES_ERROR;
				CLANG_WARN_QUOTED_INCLUDE_IN_FRAMEWORK_HEADER = YES;
				CLANG_WARN_RANGE_LOOP_ANALYSIS = YES;
				CLANG_WARN_STRICT_PROTOTYPES = YES;
				CLANG_WARN_SUSPICIOUS_MOVE = YES;
				CLANG_WARN_UNGUARDED_AVAILABILITY = YES_AGGRESSIVE;
				CLANG_WARN_UNREACHABLE_CODE = YES;
				CLANG_WARN__DUPLICATE_METHOD_MATCH = YES;
				COPY_PHASE_STRIP = NO;
				DEBUG_INFORMATION_FORMAT = "dwarf-with-dsym";
				ENABLE_NS_ASSERTIONS = NO;
				ENABLE_STRICT_OBJC_MSGSEND = YES;
				ENABLE_USER_SCRIPT_SANDBOXING = YES;
				GCC_C_LANGUAGE_STANDARD = gnu17;
				GCC_NO_COMMON_BLOCKS = YES;
				GCC_WARN_64_TO_32_BIT_CONVERSION = YES;
				GCC_WARN_ABOUT_RETURN_TYPE = YES_ERROR;
				GCC_WARN_UNDECLARED_SELECTOR = YES;
				GCC_WARN_UNINITIALIZED_AUTOS = YES_AGGRESSIVE;
				GCC_WARN_UNUSED_FUNCTION = YES;
				GCC_WARN_UNUSED_VARIABLE = YES;
				IPHONEOS_DEPLOYMENT_TARGET = 17.5;
				LOCALIZATION_PREFERS_STRING_CATALOGS = YES;
				MTL_ENABLE_DEBUG_INFO = NO;
				MTL_FAST_MATH = YES;
				SDKROOT = iphoneos;
				SWIFT_COMPILATION_MODE = wholemodule;
				VALIDATE_PRODUCT = YES;
			};
			name = Release;
		};
		126064C92C425860004E2B26 /* Debug */ = {
			isa = XCBuildConfiguration;
			buildSettings = {
				ASSETCATALOG_COMPILER_APPICON_NAME = AppIcon;
				ASSETCATALOG_COMPILER_GLOBAL_ACCENT_COLOR_NAME = AccentColor;
				CODE_SIGN_STYLE = Automatic;
				CURRENT_PROJECT_VERSION = 1;
				GENERATE_INFOPLIST_FILE = YES;
				INFOPLIST_FILE = RickAndMorty/Info.plist;
				INFOPLIST_KEY_CFBundleDisplayName = "Rick & Morty";
				INFOPLIST_KEY_UIApplicationSupportsIndirectInputEvents = YES;
				INFOPLIST_KEY_UILaunchStoryboardName = LaunchScreen;
				INFOPLIST_KEY_UISupportedInterfaceOrientations_iPad = "UIInterfaceOrientationPortrait UIInterfaceOrientationPortraitUpsideDown UIInterfaceOrientationLandscapeLeft UIInterfaceOrientationLandscapeRight";
				INFOPLIST_KEY_UISupportedInterfaceOrientations_iPhone = "UIInterfaceOrientationPortrait UIInterfaceOrientationLandscapeLeft UIInterfaceOrientationLandscapeRight";
				LD_RUNPATH_SEARCH_PATHS = (
					"$(inherited)",
					"@executable_path/Frameworks",
				);
				MARKETING_VERSION = 1.0;
				PRODUCT_BUNDLE_IDENTIFIER = com.janviarora.RickAndMorty;
				PRODUCT_NAME = "$(TARGET_NAME)";
				SWIFT_EMIT_LOC_STRINGS = YES;
				SWIFT_VERSION = 5.0;
				TARGETED_DEVICE_FAMILY = "1,2";
			};
			name = Debug;
		};
		126064CA2C425860004E2B26 /* Release */ = {
			isa = XCBuildConfiguration;
			buildSettings = {
				ASSETCATALOG_COMPILER_APPICON_NAME = AppIcon;
				ASSETCATALOG_COMPILER_GLOBAL_ACCENT_COLOR_NAME = AccentColor;
				CODE_SIGN_STYLE = Automatic;
				CURRENT_PROJECT_VERSION = 1;
				GENERATE_INFOPLIST_FILE = YES;
				INFOPLIST_FILE = RickAndMorty/Info.plist;
				INFOPLIST_KEY_CFBundleDisplayName = "Rick & Morty";
				INFOPLIST_KEY_UIApplicationSupportsIndirectInputEvents = YES;
				INFOPLIST_KEY_UILaunchStoryboardName = LaunchScreen;
				INFOPLIST_KEY_UISupportedInterfaceOrientations_iPad = "UIInterfaceOrientationPortrait UIInterfaceOrientationPortraitUpsideDown UIInterfaceOrientationLandscapeLeft UIInterfaceOrientationLandscapeRight";
				INFOPLIST_KEY_UISupportedInterfaceOrientations_iPhone = "UIInterfaceOrientationPortrait UIInterfaceOrientationLandscapeLeft UIInterfaceOrientationLandscapeRight";
				LD_RUNPATH_SEARCH_PATHS = (
					"$(inherited)",
					"@executable_path/Frameworks",
				);
				MARKETING_VERSION = 1.0;
				PRODUCT_BUNDLE_IDENTIFIER = com.janviarora.RickAndMorty;
				PRODUCT_NAME = "$(TARGET_NAME)";
				SWIFT_EMIT_LOC_STRINGS = YES;
				SWIFT_VERSION = 5.0;
				TARGETED_DEVICE_FAMILY = "1,2";
			};
			name = Release;
		};
		126064CC2C425860004E2B26 /* Debug */ = {
			isa = XCBuildConfiguration;
			buildSettings = {
				ALWAYS_EMBED_SWIFT_STANDARD_LIBRARIES = YES;
				BUNDLE_LOADER = "$(TEST_HOST)";
				CODE_SIGN_STYLE = Automatic;
				CURRENT_PROJECT_VERSION = 1;
				GENERATE_INFOPLIST_FILE = YES;
				IPHONEOS_DEPLOYMENT_TARGET = 17.5;
				MARKETING_VERSION = 1.0;
				PRODUCT_BUNDLE_IDENTIFIER = com.janviarora.RickAndMortyTests;
				PRODUCT_NAME = "$(TARGET_NAME)";
				SWIFT_EMIT_LOC_STRINGS = NO;
				SWIFT_VERSION = 5.0;
				TARGETED_DEVICE_FAMILY = "1,2";
				TEST_HOST = "$(BUILT_PRODUCTS_DIR)/RickAndMorty.app/$(BUNDLE_EXECUTABLE_FOLDER_PATH)/RickAndMorty";
			};
			name = Debug;
		};
		126064CD2C425860004E2B26 /* Release */ = {
			isa = XCBuildConfiguration;
			buildSettings = {
				ALWAYS_EMBED_SWIFT_STANDARD_LIBRARIES = YES;
				BUNDLE_LOADER = "$(TEST_HOST)";
				CODE_SIGN_STYLE = Automatic;
				CURRENT_PROJECT_VERSION = 1;
				GENERATE_INFOPLIST_FILE = YES;
				IPHONEOS_DEPLOYMENT_TARGET = 17.5;
				MARKETING_VERSION = 1.0;
				PRODUCT_BUNDLE_IDENTIFIER = com.janviarora.RickAndMortyTests;
				PRODUCT_NAME = "$(TARGET_NAME)";
				SWIFT_EMIT_LOC_STRINGS = NO;
				SWIFT_VERSION = 5.0;
				TARGETED_DEVICE_FAMILY = "1,2";
				TEST_HOST = "$(BUILT_PRODUCTS_DIR)/RickAndMorty.app/$(BUNDLE_EXECUTABLE_FOLDER_PATH)/RickAndMorty";
			};
			name = Release;
		};
		126064CF2C425860004E2B26 /* Debug */ = {
			isa = XCBuildConfiguration;
			buildSettings = {
				ALWAYS_EMBED_SWIFT_STANDARD_LIBRARIES = YES;
				CODE_SIGN_STYLE = Automatic;
				CURRENT_PROJECT_VERSION = 1;
				GENERATE_INFOPLIST_FILE = YES;
				MARKETING_VERSION = 1.0;
				PRODUCT_BUNDLE_IDENTIFIER = com.janviarora.RickAndMortyUITests;
				PRODUCT_NAME = "$(TARGET_NAME)";
				SWIFT_EMIT_LOC_STRINGS = NO;
				SWIFT_VERSION = 5.0;
				TARGETED_DEVICE_FAMILY = "1,2";
				TEST_TARGET_NAME = RickAndMorty;
			};
			name = Debug;
		};
		126064D02C425860004E2B26 /* Release */ = {
			isa = XCBuildConfiguration;
			buildSettings = {
				ALWAYS_EMBED_SWIFT_STANDARD_LIBRARIES = YES;
				CODE_SIGN_STYLE = Automatic;
				CURRENT_PROJECT_VERSION = 1;
				GENERATE_INFOPLIST_FILE = YES;
				MARKETING_VERSION = 1.0;
				PRODUCT_BUNDLE_IDENTIFIER = com.janviarora.RickAndMortyUITests;
				PRODUCT_NAME = "$(TARGET_NAME)";
				SWIFT_EMIT_LOC_STRINGS = NO;
				SWIFT_VERSION = 5.0;
				TARGETED_DEVICE_FAMILY = "1,2";
				TEST_TARGET_NAME = RickAndMorty;
			};
			name = Release;
		};
/* End XCBuildConfiguration section */

/* Begin XCConfigurationList section */
		126064992C42585A004E2B26 /* Build configuration list for PBXProject "RickAndMorty" */ = {
			isa = XCConfigurationList;
			buildConfigurations = (
				126064C62C425860004E2B26 /* Debug */,
				126064C72C425860004E2B26 /* Release */,
			);
			defaultConfigurationIsVisible = 0;
			defaultConfigurationName = Release;
		};
		126064C82C425860004E2B26 /* Build configuration list for PBXNativeTarget "RickAndMorty" */ = {
			isa = XCConfigurationList;
			buildConfigurations = (
				126064C92C425860004E2B26 /* Debug */,
				126064CA2C425860004E2B26 /* Release */,
			);
			defaultConfigurationIsVisible = 0;
			defaultConfigurationName = Release;
		};
		126064CB2C425860004E2B26 /* Build configuration list for PBXNativeTarget "RickAndMortyTests" */ = {
			isa = XCConfigurationList;
			buildConfigurations = (
				126064CC2C425860004E2B26 /* Debug */,
				126064CD2C425860004E2B26 /* Release */,
			);
			defaultConfigurationIsVisible = 0;
			defaultConfigurationName = Release;
		};
		126064CE2C425860004E2B26 /* Build configuration list for PBXNativeTarget "RickAndMortyUITests" */ = {
			isa = XCConfigurationList;
			buildConfigurations = (
				126064CF2C425860004E2B26 /* Debug */,
				126064D02C425860004E2B26 /* Release */,
			);
			defaultConfigurationIsVisible = 0;
			defaultConfigurationName = Release;
		};
/* End XCConfigurationList section */
	};
	rootObject = 126064962C42585A004E2B26 /* Project object */;
}
